<?xml version="1.0" encoding="utf-8"?>
<Project ToolsVersion="16.0" xmlns="http://schemas.microsoft.com/developer/msbuild/2003">
  <ItemGroup>
    <ClCompile Include="D:\glStuff\openGLclassTutorial\ogl-master\playground\playground.cpp">
      <Filter>Source Files</Filter>
    </ClCompile>
    <ClCompile Include="D:\glStuff\openGLclassTutorial\ogl-master\common\shader.cpp">
      <Filter>common</Filter>
    </ClCompile>
    <ClCompile Include="..\common\controls.cpp">
      <Filter>common</Filter>
    </ClCompile>
    <ClCompile Include="..\common\objloader.cpp">
      <Filter>common</Filter>
    </ClCompile>
    <ClCompile Include="..\common\quaternion_utils.cpp">
      <Filter>common</Filter>
    </ClCompile>
    <ClCompile Include="..\common\tangentspace.cpp">
      <Filter>common</Filter>
    </ClCompile>
    <ClCompile Include="..\common\text2D.cpp">
      <Filter>common</Filter>
    </ClCompile>
    <ClCompile Include="..\common\texture.cpp">
      <Filter>common</Filter>
    </ClCompile>
    <ClCompile Include="..\common\vboindexer.cpp">
      <Filter>common</Filter>
    </ClCompile>
  </ItemGroup>
  <ItemGroup>
    <ClInclude Include="D:\glStuff\openGLclassTutorial\ogl-master\common\shader.hpp">
      <Filter>common</Filter>
    </ClInclude>
    <ClInclude Include="..\common\controls.hpp">
      <Filter>common</Filter>
    </ClInclude>
    <ClInclude Include="..\common\objloader.hpp">
      <Filter>common</Filter>
    </ClInclude>
    <ClInclude Include="..\common\quaternion_utils.hpp">
      <Filter>common</Filter>
    </ClInclude>
    <ClInclude Include="..\common\tangentspace.hpp">
      <Filter>common</Filter>
    </ClInclude>
    <ClInclude Include="..\common\text2D.hpp">
      <Filter>common</Filter>
    </ClInclude>
    <ClInclude Include="..\common\texture.hpp">
      <Filter>common</Filter>
    </ClInclude>
    <ClInclude Include="..\common\vboindexer.hpp">
      <Filter>common</Filter>
    </ClInclude>
  </ItemGroup>
  <ItemGroup>
    <CustomBuild Include="D:\glStuff\openGLclassTutorial\ogl-master\CMakeLists.txt" />
  </ItemGroup>
  <ItemGroup>
    <Filter Include="Source Files">
      <UniqueIdentifier>{592B1F2D-1DA6-33D8-B495-20B7F94FF4DB}</UniqueIdentifier>
    </Filter>
    <Filter Include="common">
      <UniqueIdentifier>{1EBE6612-A718-3F92-8C53-575BF634C9B7}</UniqueIdentifier>
    </Filter>
    <Filter Include="shaders">
      <UniqueIdentifier>{a8fb60c5-734e-413d-a94c-66e9faba21ae}</UniqueIdentifier>
    </Filter>
  </ItemGroup>
  <ItemGroup>
    <None Include="..\playground\StandardShading.fragmentshader">
      <Filter>shaders</Filter>
    </None>
    <None Include="..\playground\StandardShading.vertexshader">
      <Filter>shaders</Filter>
    </None>
    <None Include="..\playground\TextVertexShader.fragmentshader">
      <Filter>shaders</Filter>
    </None>
    <None Include="..\playground\TextVertexShader.vertexshader">
      <Filter>shaders</Filter>
    </None>
  </ItemGroup>
</Project>