Microsoft Visual Studio Solution File, Format Version 12.00
# Visual Studio 16
Project("{2150E333-8FDC-42A3-9474-1A3956D46DE8}") = "CMakePredefinedTargets", "CMakePredefinedTargets", "{4213626D-2F05-3330-8802-F26FF4FCD16D}"
EndProject
Project("{2150E333-8FDC-42A3-9474-1A3956D46DE8}") = "GLFW3", "GLFW3", "{EFCA5D91-58E3-3BC1-B922-14998C80D105}"
EndProject
Project("{2150E333-8FDC-42A3-9474-1A3956D46DE8}") = "Examples", "GLFW3\Examples", "{26020117-4C88-348C-B135-A92A6160C197}"
EndProject
Project("{2150E333-8FDC-42A3-9474-1A3956D46DE8}") = "Tests", "GLFW3\Tests", "{A47FAD50-D1DC-34B7-AA0C-21C68C3A0140}"
EndProject
Project("{8BC9CEB8-8B4A-11D0-8D11-00A0C91BC942}") = "ALL_BUILD", "ALL_BUILD.vcxproj", "{8B0A4883-D947-3B03-B207-ACAD8D06B47C}"
	ProjectSection(ProjectDependencies) = postProject
		{1473EFF2-B641-3282-BFB8-9A37512497B2} = {1473EFF2-B641-3282-BFB8-9A37512497B2}
		{867F6320-C77B-3F42-ADB0-DCCCD26EA42B} = {867F6320-C77B-3F42-ADB0-DCCCD26EA42B}
		{9AED0156-83FC-31FF-A28E-EE2ABCEEA6BD} = {9AED0156-83FC-31FF-A28E-EE2ABCEEA6BD}
		{5D3EA119-5A35-3F04-939F-2D1E672DE330} = {5D3EA119-5A35-3F04-939F-2D1E672DE330}
		{C7BF15AB-462D-3975-92EE-594F179A41DC} = {C7BF15AB-462D-3975-92EE-594F179A41DC}
		{A8D8FA4C-3088-35C6-B515-46384C477FDB} = {A8D8FA4C-3088-35C6-B515-46384C477FDB}
		{270A0D73-7A3B-31C1-9AA9-49939521562D} = {270A0D73-7A3B-31C1-9AA9-49939521562D}
		{D7726F89-DB13-3E01-9054-FE08575421E4} = {D7726F89-DB13-3E01-9054-FE08575421E4}
		{0F093ACA-A8EF-390A-AF74-13F678BD1CAB} = {0F093ACA-A8EF-390A-AF74-13F678BD1CAB}
		{C7D4BBC6-F88C-354D-856E-3B4C1EBE9DA8} = {C7D4BBC6-F88C-354D-856E-3B4C1EBE9DA8}
		{A119F517-5FE7-3079-9C61-656784C4FE3F} = {A119F517-5FE7-3079-9C61-656784C4FE3F}
		{F89278FD-F2A2-3962-B4BF-112B0920DE3C} = {F89278FD-F2A2-3962-B4BF-112B0920DE3C}
		{5F09EE4F-BBC6-3A75-9854-2202EDBF80CC} = {5F09EE4F-BBC6-3A75-9854-2202EDBF80CC}
		{10D3AD10-FE5D-3031-B026-E376C0B15FB0} = {10D3AD10-FE5D-3031-B026-E376C0B15FB0}
		{8E3B56B4-3DF7-3FCB-9AD5-946B8CC5E466} = {8E3B56B4-3DF7-3FCB-9AD5-946B8CC5E466}
		{ECC48E02-3EC4-3A70-8D0A-283AE16E07AA} = {ECC48E02-3EC4-3A70-8D0A-283AE16E07AA}
		{BF9A3579-D1E5-358F-90E2-12454A3BE599} = {BF9A3579-D1E5-358F-90E2-12454A3BE599}
		{74D4CC92-1FD5-378E-AD26-35AB779D4F7A} = {74D4CC92-1FD5-378E-AD26-35AB779D4F7A}
		{CCAF0982-3C72-3C12-A93F-FCE3910EF58E} = {CCAF0982-3C72-3C12-A93F-FCE3910EF58E}
		{6A51AA8F-3802-3633-8E16-6DB0DC2E036F} = {6A51AA8F-3802-3633-8E16-6DB0DC2E036F}
		{3AF246DD-593A-359D-A68E-AA3539394CFC} = {3AF246DD-593A-359D-A68E-AA3539394CFC}
		{E1CC4E86-54A3-3761-BB89-186564337C06} = {E1CC4E86-54A3-3761-BB89-186564337C06}
		{9353C713-D0E3-38BE-8ED1-135F3C8566C1} = {9353C713-D0E3-38BE-8ED1-135F3C8566C1}
		{BF94F1EF-7C81-3604-81CD-38A5222E2437} = {BF94F1EF-7C81-3604-81CD-38A5222E2437}
		{521E872D-2488-32F6-B8C9-6E17B50CA992} = {521E872D-2488-32F6-B8C9-6E17B50CA992}
		{5E4E2676-A69C-3B89-9DD1-621917523043} = {5E4E2676-A69C-3B89-9DD1-621917523043}
		{BBC341D4-2DDA-322A-A8D5-06A08BF10893} = {BBC341D4-2DDA-322A-A8D5-06A08BF10893}
		{85836306-058C-30B9-98BF-C83308B6BE6F} = {85836306-058C-30B9-98BF-C83308B6BE6F}
		{62B17699-7065-3A3B-82A9-9717C5532CFA} = {62B17699-7065-3A3B-82A9-9717C5532CFA}
		{E5271F5B-B618-3FE4-AAF1-954BA48FDDA1} = {E5271F5B-B618-3FE4-AAF1-954BA48FDDA1}
		{B3B36483-9153-387A-A9EF-66D0731E0476} = {B3B36483-9153-387A-A9EF-66D0731E0476}
		{2A1A429F-031A-353D-B2BE-209FB1B869C6} = {2A1A429F-031A-353D-B2BE-209FB1B869C6}
		{B29ACE9F-E01D-36D7-9B5B-1D53FFE54B75} = {B29ACE9F-E01D-36D7-9B5B-1D53FFE54B75}
		{AF0750FB-5218-3007-B981-F4821C3B4A5D} = {AF0750FB-5218-3007-B981-F4821C3B4A5D}
		{85C28ED1-DA31-3FFF-ABFA-502056402E22} = {85C28ED1-DA31-3FFF-ABFA-502056402E22}
		{75C3A355-98C0-343B-A549-83F080035647} = {75C3A355-98C0-343B-A549-83F080035647}
		{50B9C2F9-5569-350C-9102-70A846D449F0} = {50B9C2F9-5569-350C-9102-70A846D449F0}
		{FA1F250A-C1C2-390D-AD8A-1413E29285BE} = {FA1F250A-C1C2-390D-AD8A-1413E29285BE}
		{57A18E67-6E7A-3030-8F0D-EC9398E2592F} = {57A18E67-6E7A-3030-8F0D-EC9398E2592F}
		{10E4A26F-BF8C-3A51-83FF-FB51073C488B} = {10E4A26F-BF8C-3A51-83FF-FB51073C488B}
		{538E57F8-F154-3B2D-8321-1F1350F0C730} = {538E57F8-F154-3B2D-8321-1F1350F0C730}
		{EBCB6033-BDFE-3F46-B72C-8187EB41C365} = {EBCB6033-BDFE-3F46-B72C-8187EB41C365}
		{495A7536-5A2B-3BC5-B152-5795CDC57317} = {495A7536-5A2B-3BC5-B152-5795CDC57317}
		{13D54504-C45F-32C3-8A03-1A4153A7A44F} = {13D54504-C45F-32C3-8A03-1A4153A7A44F}
		{DFFC6281-E9DC-3A0C-8B9E-8259B3789240} = {DFFC6281-E9DC-3A0C-8B9E-8259B3789240}
		{DF00E4A4-FCF8-3FBE-BFF3-285421D44EF5} = {DF00E4A4-FCF8-3FBE-BFF3-285421D44EF5}
		{4D79D371-88E8-3DE1-B609-5FEA13955AEF} = {4D79D371-88E8-3DE1-B609-5FEA13955AEF}
		{BC184A76-A203-37C5-8279-9935FE8844E4} = {BC184A76-A203-37C5-8279-9935FE8844E4}
		{506EC060-7513-3C28-B79B-25ED27377D08} = {506EC060-7513-3C28-B79B-25ED27377D08}
		{6993FF84-C652-3DF9-949E-77A668D967B3} = {6993FF84-C652-3DF9-949E-77A668D967B3}
		{45F28A1B-A676-3688-9CF7-502758C197A3} = {45F28A1B-A676-3688-9CF7-502758C197A3}
		{C675569A-D6AD-3591-96D9-1E29F48319B7} = {C675569A-D6AD-3591-96D9-1E29F48319B7}
		{A6982CE9-AABF-3BAF-9D86-277B61ACEA58} = {A6982CE9-AABF-3BAF-9D86-277B61ACEA58}
		{CA2F91C5-FF8C-36E4-B9FB-530F1AB9B337} = {CA2F91C5-FF8C-36E4-B9FB-530F1AB9B337}
		{5EBC4D58-44FB-3768-8671-77CE1E0472BD} = {5EBC4D58-44FB-3768-8671-77CE1E0472BD}
		{B5EFB6E8-CBB7-3DE8-BE6F-00513BCC5E19} = {B5EFB6E8-CBB7-3DE8-BE6F-00513BCC5E19}
		{E4EAB2A4-E542-3306-976D-B391FAFD1304} = {E4EAB2A4-E542-3306-976D-B391FAFD1304}
		{C7A9DE73-C531-3D38-AA54-1BA08E9EAC58} = {C7A9DE73-C531-3D38-AA54-1BA08E9EAC58}
		{D6B8C460-D470-3AF4-827C-C16BD8CDF07E} = {D6B8C460-D470-3AF4-827C-C16BD8CDF07E}
	EndProjectSection
EndProject
Project("{8BC9CEB8-8B4A-11D0-8D11-00A0C91BC942}") = "ANTTWEAKBAR_116_OGLCORE_GLFW", "external\ANTTWEAKBAR_116_OGLCORE_GLFW.vcxproj", "{1473EFF2-B641-3282-BFB8-9A37512497B2}"
	ProjectSection(ProjectDependencies) = postProject
		{270A0D73-7A3B-31C1-9AA9-49939521562D} = {270A0D73-7A3B-31C1-9AA9-49939521562D}
	EndProjectSection
EndProject
Project("{8BC9CEB8-8B4A-11D0-8D11-00A0C91BC942}") = "BulletCollision", "external\bullet-2.81-rev2613\src\BulletCollision\BulletCollision.vcxproj", "{867F6320-C77B-3F42-ADB0-DCCCD26EA42B}"
	ProjectSection(ProjectDependencies) = postProject
		{270A0D73-7A3B-31C1-9AA9-49939521562D} = {270A0D73-7A3B-31C1-9AA9-49939521562D}
	EndProjectSection
EndProject
Project("{8BC9CEB8-8B4A-11D0-8D11-00A0C91BC942}") = "BulletDynamics", "external\bullet-2.81-rev2613\src\BulletDynamics\BulletDynamics.vcxproj", "{9AED0156-83FC-31FF-A28E-EE2ABCEEA6BD}"
	ProjectSection(ProjectDependencies) = postProject
		{270A0D73-7A3B-31C1-9AA9-49939521562D} = {270A0D73-7A3B-31C1-9AA9-49939521562D}
	EndProjectSection
EndProject
Project("{8BC9CEB8-8B4A-11D0-8D11-00A0C91BC942}") = "BulletSoftBody", "external\bullet-2.81-rev2613\src\BulletSoftBody\BulletSoftBody.vcxproj", "{5D3EA119-5A35-3F04-939F-2D1E672DE330}"
	ProjectSection(ProjectDependencies) = postProject
		{270A0D73-7A3B-31C1-9AA9-49939521562D} = {270A0D73-7A3B-31C1-9AA9-49939521562D}
	EndProjectSection
EndProject
Project("{8BC9CEB8-8B4A-11D0-8D11-00A0C91BC942}") = "GLEW_1130", "external\GLEW_1130.vcxproj", "{C7BF15AB-462D-3975-92EE-594F179A41DC}"
	ProjectSection(ProjectDependencies) = postProject
		{270A0D73-7A3B-31C1-9AA9-49939521562D} = {270A0D73-7A3B-31C1-9AA9-49939521562D}
	EndProjectSection
EndProject
Project("{8BC9CEB8-8B4A-11D0-8D11-00A0C91BC942}") = "INSTALL", "INSTALL.vcxproj", "{B345C365-F4F0-3B89-BF82-1A1D759E4B4C}"
	ProjectSection(ProjectDependencies) = postProject
		{8B0A4883-D947-3B03-B207-ACAD8D06B47C} = {8B0A4883-D947-3B03-B207-ACAD8D06B47C}
		{270A0D73-7A3B-31C1-9AA9-49939521562D} = {270A0D73-7A3B-31C1-9AA9-49939521562D}
	EndProjectSection
EndProject
Project("{8BC9CEB8-8B4A-11D0-8D11-00A0C91BC942}") = "LinearMath", "external\bullet-2.81-rev2613\src\LinearMath\LinearMath.vcxproj", "{A8D8FA4C-3088-35C6-B515-46384C477FDB}"
	ProjectSection(ProjectDependencies) = postProject
		{270A0D73-7A3B-31C1-9AA9-49939521562D} = {270A0D73-7A3B-31C1-9AA9-49939521562D}
	EndProjectSection
EndProject
Project("{8BC9CEB8-8B4A-11D0-8D11-00A0C91BC942}") = "ZERO_CHECK", "ZERO_CHECK.vcxproj", "{270A0D73-7A3B-31C1-9AA9-49939521562D}"
	ProjectSection(ProjectDependencies) = postProject
	EndProjectSection
EndProject
Project("{8BC9CEB8-8B4A-11D0-8D11-00A0C91BC942}") = "assimp", "external\assimp-3.0.1270\code\assimp.vcxproj", "{D7726F89-DB13-3E01-9054-FE08575421E4}"
	ProjectSection(ProjectDependencies) = postProject
		{270A0D73-7A3B-31C1-9AA9-49939521562D} = {270A0D73-7A3B-31C1-9AA9-49939521562D}
		{D6B8C460-D470-3AF4-827C-C16BD8CDF07E} = {D6B8C460-D470-3AF4-827C-C16BD8CDF07E}
	EndProjectSection
EndProject
Project("{8BC9CEB8-8B4A-11D0-8D11-00A0C91BC942}") = "boing", "external\glfw-3.1.2\examples\boing.vcxproj", "{0F093ACA-A8EF-390A-AF74-13F678BD1CAB}"
	ProjectSection(ProjectDependencies) = postProject
		{270A0D73-7A3B-31C1-9AA9-49939521562D} = {270A0D73-7A3B-31C1-9AA9-49939521562D}
		{ECC48E02-3EC4-3A70-8D0A-283AE16E07AA} = {ECC48E02-3EC4-3A70-8D0A-283AE16E07AA}
	EndProjectSection
EndProject
Project("{8BC9CEB8-8B4A-11D0-8D11-00A0C91BC942}") = "clipboard", "external\glfw-3.1.2\tests\clipboard.vcxproj", "{C7D4BBC6-F88C-354D-856E-3B4C1EBE9DA8}"
	ProjectSection(ProjectDependencies) = postProject
		{270A0D73-7A3B-31C1-9AA9-49939521562D} = {270A0D73-7A3B-31C1-9AA9-49939521562D}
		{ECC48E02-3EC4-3A70-8D0A-283AE16E07AA} = {ECC48E02-3EC4-3A70-8D0A-283AE16E07AA}
	EndProjectSection
EndProject
Project("{8BC9CEB8-8B4A-11D0-8D11-00A0C91BC942}") = "cursor", "external\glfw-3.1.2\tests\cursor.vcxproj", "{A119F517-5FE7-3079-9C61-656784C4FE3F}"
	ProjectSection(ProjectDependencies) = postProject
		{270A0D73-7A3B-31C1-9AA9-49939521562D} = {270A0D73-7A3B-31C1-9AA9-49939521562D}
		{ECC48E02-3EC4-3A70-8D0A-283AE16E07AA} = {ECC48E02-3EC4-3A70-8D0A-283AE16E07AA}
	EndProjectSection
EndProject
Project("{8BC9CEB8-8B4A-11D0-8D11-00A0C91BC942}") = "empty", "external\glfw-3.1.2\tests\empty.vcxproj", "{F89278FD-F2A2-3962-B4BF-112B0920DE3C}"
	ProjectSection(ProjectDependencies) = postProject
		{270A0D73-7A3B-31C1-9AA9-49939521562D} = {270A0D73-7A3B-31C1-9AA9-49939521562D}
		{ECC48E02-3EC4-3A70-8D0A-283AE16E07AA} = {ECC48E02-3EC4-3A70-8D0A-283AE16E07AA}
	EndProjectSection
EndProject
Project("{8BC9CEB8-8B4A-11D0-8D11-00A0C91BC942}") = "events", "external\glfw-3.1.2\tests\events.vcxproj", "{5F09EE4F-BBC6-3A75-9854-2202EDBF80CC}"
	ProjectSection(ProjectDependencies) = postProject
		{270A0D73-7A3B-31C1-9AA9-49939521562D} = {270A0D73-7A3B-31C1-9AA9-49939521562D}
		{ECC48E02-3EC4-3A70-8D0A-283AE16E07AA} = {ECC48E02-3EC4-3A70-8D0A-283AE16E07AA}
	EndProjectSection
EndProject
Project("{8BC9CEB8-8B4A-11D0-8D11-00A0C91BC942}") = "gamma", "external\glfw-3.1.2\tests\gamma.vcxproj", "{10D3AD10-FE5D-3031-B026-E376C0B15FB0}"
	ProjectSection(ProjectDependencies) = postProject
		{270A0D73-7A3B-31C1-9AA9-49939521562D} = {270A0D73-7A3B-31C1-9AA9-49939521562D}
		{ECC48E02-3EC4-3A70-8D0A-283AE16E07AA} = {ECC48E02-3EC4-3A70-8D0A-283AE16E07AA}
	EndProjectSection
EndProject
Project("{8BC9CEB8-8B4A-11D0-8D11-00A0C91BC942}") = "gears", "external\glfw-3.1.2\examples\gears.vcxproj", "{8E3B56B4-3DF7-3FCB-9AD5-946B8CC5E466}"
	ProjectSection(ProjectDependencies) = postProject
		{270A0D73-7A3B-31C1-9AA9-49939521562D} = {270A0D73-7A3B-31C1-9AA9-49939521562D}
		{ECC48E02-3EC4-3A70-8D0A-283AE16E07AA} = {ECC48E02-3EC4-3A70-8D0A-283AE16E07AA}
	EndProjectSection
EndProject
Project("{8BC9CEB8-8B4A-11D0-8D11-00A0C91BC942}") = "glfw", "external\glfw-3.1.2\src\glfw.vcxproj", "{ECC48E02-3EC4-3A70-8D0A-283AE16E07AA}"
	ProjectSection(ProjectDependencies) = postProject
		{270A0D73-7A3B-31C1-9AA9-49939521562D} = {270A0D73-7A3B-31C1-9AA9-49939521562D}
	EndProjectSection
EndProject
Project("{8BC9CEB8-8B4A-11D0-8D11-00A0C91BC942}") = "glfwinfo", "external\glfw-3.1.2\tests\glfwinfo.vcxproj", "{BF9A3579-D1E5-358F-90E2-12454A3BE599}"
	ProjectSection(ProjectDependencies) = postProject
		{270A0D73-7A3B-31C1-9AA9-49939521562D} = {270A0D73-7A3B-31C1-9AA9-49939521562D}
		{ECC48E02-3EC4-3A70-8D0A-283AE16E07AA} = {ECC48E02-3EC4-3A70-8D0A-283AE16E07AA}
	EndProjectSection
EndProject
Project("{8BC9CEB8-8B4A-11D0-8D11-00A0C91BC942}") = "heightmap", "external\glfw-3.1.2\examples\heightmap.vcxproj", "{74D4CC92-1FD5-378E-AD26-35AB779D4F7A}"
	ProjectSection(ProjectDependencies) = postProject
		{270A0D73-7A3B-31C1-9AA9-49939521562D} = {270A0D73-7A3B-31C1-9AA9-49939521562D}
		{ECC48E02-3EC4-3A70-8D0A-283AE16E07AA} = {ECC48E02-3EC4-3A70-8D0A-283AE16E07AA}
	EndProjectSection
EndProject
Project("{8BC9CEB8-8B4A-11D0-8D11-00A0C91BC942}") = "iconify", "external\glfw-3.1.2\tests\iconify.vcxproj", "{CCAF0982-3C72-3C12-A93F-FCE3910EF58E}"
	ProjectSection(ProjectDependencies) = postProject
		{270A0D73-7A3B-31C1-9AA9-49939521562D} = {270A0D73-7A3B-31C1-9AA9-49939521562D}
		{ECC48E02-3EC4-3A70-8D0A-283AE16E07AA} = {ECC48E02-3EC4-3A70-8D0A-283AE16E07AA}
	EndProjectSection
EndProject
Project("{8BC9CEB8-8B4A-11D0-8D11-00A0C91BC942}") = "joysticks", "external\glfw-3.1.2\tests\joysticks.vcxproj", "{6A51AA8F-3802-3633-8E16-6DB0DC2E036F}"
	ProjectSection(ProjectDependencies) = postProject
		{270A0D73-7A3B-31C1-9AA9-49939521562D} = {270A0D73-7A3B-31C1-9AA9-49939521562D}
		{ECC48E02-3EC4-3A70-8D0A-283AE16E07AA} = {ECC48E02-3EC4-3A70-8D0A-283AE16E07AA}
	EndProjectSection
EndProject
Project("{8BC9CEB8-8B4A-11D0-8D11-00A0C91BC942}") = "misc05_picking_BulletPhysics", "misc05_picking_BulletPhysics.vcxproj", "{3AF246DD-593A-359D-A68E-AA3539394CFC}"
	ProjectSection(ProjectDependencies) = postProject
		{1473EFF2-B641-3282-BFB8-9A37512497B2} = {1473EFF2-B641-3282-BFB8-9A37512497B2}
		{867F6320-C77B-3F42-ADB0-DCCCD26EA42B} = {867F6320-C77B-3F42-ADB0-DCCCD26EA42B}
		{9AED0156-83FC-31FF-A28E-EE2ABCEEA6BD} = {9AED0156-83FC-31FF-A28E-EE2ABCEEA6BD}
		{C7BF15AB-462D-3975-92EE-594F179A41DC} = {C7BF15AB-462D-3975-92EE-594F179A41DC}
		{A8D8FA4C-3088-35C6-B515-46384C477FDB} = {A8D8FA4C-3088-35C6-B515-46384C477FDB}
		{270A0D73-7A3B-31C1-9AA9-49939521562D} = {270A0D73-7A3B-31C1-9AA9-49939521562D}
		{ECC48E02-3EC4-3A70-8D0A-283AE16E07AA} = {ECC48E02-3EC4-3A70-8D0A-283AE16E07AA}
	EndProjectSection
EndProject
Project("{8BC9CEB8-8B4A-11D0-8D11-00A0C91BC942}") = "misc05_picking_custom", "misc05_picking_custom.vcxproj", "{E1CC4E86-54A3-3761-BB89-186564337C06}"
	ProjectSection(ProjectDependencies) = postProject
		{1473EFF2-B641-3282-BFB8-9A37512497B2} = {1473EFF2-B641-3282-BFB8-9A37512497B2}
		{C7BF15AB-462D-3975-92EE-594F179A41DC} = {C7BF15AB-462D-3975-92EE-594F179A41DC}
		{270A0D73-7A3B-31C1-9AA9-49939521562D} = {270A0D73-7A3B-31C1-9AA9-49939521562D}
		{ECC48E02-3EC4-3A70-8D0A-283AE16E07AA} = {ECC48E02-3EC4-3A70-8D0A-283AE16E07AA}
	EndProjectSection
EndProject
Project("{8BC9CEB8-8B4A-11D0-8D11-00A0C91BC942}") = "misc05_picking_slow_easy", "misc05_picking_slow_easy.vcxproj", "{9353C713-D0E3-38BE-8ED1-135F3C8566C1}"
	ProjectSection(ProjectDependencies) = postProject
		{1473EFF2-B641-3282-BFB8-9A37512497B2} = {1473EFF2-B641-3282-BFB8-9A37512497B2}
		{C7BF15AB-462D-3975-92EE-594F179A41DC} = {C7BF15AB-462D-3975-92EE-594F179A41DC}
		{270A0D73-7A3B-31C1-9AA9-49939521562D} = {270A0D73-7A3B-31C1-9AA9-49939521562D}
		{ECC48E02-3EC4-3A70-8D0A-283AE16E07AA} = {ECC48E02-3EC4-3A70-8D0A-283AE16E07AA}
	EndProjectSection
EndProject
Project("{8BC9CEB8-8B4A-11D0-8D11-00A0C91BC942}") = "monitors", "external\glfw-3.1.2\tests\monitors.vcxproj", "{BF94F1EF-7C81-3604-81CD-38A5222E2437}"
	ProjectSection(ProjectDependencies) = postProject
		{270A0D73-7A3B-31C1-9AA9-49939521562D} = {270A0D73-7A3B-31C1-9AA9-49939521562D}
		{ECC48E02-3EC4-3A70-8D0A-283AE16E07AA} = {ECC48E02-3EC4-3A70-8D0A-283AE16E07AA}
	EndProjectSection
EndProject
Project("{8BC9CEB8-8B4A-11D0-8D11-00A0C91BC942}") = "msaa", "external\glfw-3.1.2\tests\msaa.vcxproj", "{521E872D-2488-32F6-B8C9-6E17B50CA992}"
	ProjectSection(ProjectDependencies) = postProject
		{270A0D73-7A3B-31C1-9AA9-49939521562D} = {270A0D73-7A3B-31C1-9AA9-49939521562D}
		{ECC48E02-3EC4-3A70-8D0A-283AE16E07AA} = {ECC48E02-3EC4-3A70-8D0A-283AE16E07AA}
	EndProjectSection
EndProject
Project("{8BC9CEB8-8B4A-11D0-8D11-00A0C91BC942}") = "particles", "external\glfw-3.1.2\examples\particles.vcxproj", "{5E4E2676-A69C-3B89-9DD1-621917523043}"
	ProjectSection(ProjectDependencies) = postProject
		{270A0D73-7A3B-31C1-9AA9-49939521562D} = {270A0D73-7A3B-31C1-9AA9-49939521562D}
		{ECC48E02-3EC4-3A70-8D0A-283AE16E07AA} = {ECC48E02-3EC4-3A70-8D0A-283AE16E07AA}
	EndProjectSection
EndProject
Project("{8BC9CEB8-8B4A-11D0-8D11-00A0C91BC942}") = "playground", "playground.vcxproj", "{BBC341D4-2DDA-322A-A8D5-06A08BF10893}"
	ProjectSection(ProjectDependencies) = postProject
		{C7BF15AB-462D-3975-92EE-594F179A41DC} = {C7BF15AB-462D-3975-92EE-594F179A41DC}
		{270A0D73-7A3B-31C1-9AA9-49939521562D} = {270A0D73-7A3B-31C1-9AA9-49939521562D}
		{ECC48E02-3EC4-3A70-8D0A-283AE16E07AA} = {ECC48E02-3EC4-3A70-8D0A-283AE16E07AA}
	EndProjectSection
EndProject
Project("{8BC9CEB8-8B4A-11D0-8D11-00A0C91BC942}") = "reopen", "external\glfw-3.1.2\tests\reopen.vcxproj", "{85836306-058C-30B9-98BF-C83308B6BE6F}"
	ProjectSection(ProjectDependencies) = postProject
		{270A0D73-7A3B-31C1-9AA9-49939521562D} = {270A0D73-7A3B-31C1-9AA9-49939521562D}
		{ECC48E02-3EC4-3A70-8D0A-283AE16E07AA} = {ECC48E02-3EC4-3A70-8D0A-283AE16E07AA}
	EndProjectSection
EndProject
Project("{8BC9CEB8-8B4A-11D0-8D11-00A0C91BC942}") = "sharing", "external\glfw-3.1.2\tests\sharing.vcxproj", "{62B17699-7065-3A3B-82A9-9717C5532CFA}"
	ProjectSection(ProjectDependencies) = postProject
		{270A0D73-7A3B-31C1-9AA9-49939521562D} = {270A0D73-7A3B-31C1-9AA9-49939521562D}
		{ECC48E02-3EC4-3A70-8D0A-283AE16E07AA} = {ECC48E02-3EC4-3A70-8D0A-283AE16E07AA}
	EndProjectSection
EndProject
Project("{8BC9CEB8-8B4A-11D0-8D11-00A0C91BC942}") = "simple", "external\glfw-3.1.2\examples\simple.vcxproj", "{E5271F5B-B618-3FE4-AAF1-954BA48FDDA1}"
	ProjectSection(ProjectDependencies) = postProject
		{270A0D73-7A3B-31C1-9AA9-49939521562D} = {270A0D73-7A3B-31C1-9AA9-49939521562D}
		{ECC48E02-3EC4-3A70-8D0A-283AE16E07AA} = {ECC48E02-3EC4-3A70-8D0A-283AE16E07AA}
	EndProjectSection
EndProject
Project("{8BC9CEB8-8B4A-11D0-8D11-00A0C91BC942}") = "splitview", "external\glfw-3.1.2\examples\splitview.vcxproj", "{B3B36483-9153-387A-A9EF-66D0731E0476}"
	ProjectSection(ProjectDependencies) = postProject
		{270A0D73-7A3B-31C1-9AA9-49939521562D} = {270A0D73-7A3B-31C1-9AA9-49939521562D}
		{ECC48E02-3EC4-3A70-8D0A-283AE16E07AA} = {ECC48E02-3EC4-3A70-8D0A-283AE16E07AA}
	EndProjectSection
EndProject
Project("{8BC9CEB8-8B4A-11D0-8D11-00A0C91BC942}") = "tearing", "external\glfw-3.1.2\tests\tearing.vcxproj", "{2A1A429F-031A-353D-B2BE-209FB1B869C6}"
	ProjectSection(ProjectDependencies) = postProject
		{270A0D73-7A3B-31C1-9AA9-49939521562D} = {270A0D73-7A3B-31C1-9AA9-49939521562D}
		{ECC48E02-3EC4-3A70-8D0A-283AE16E07AA} = {ECC48E02-3EC4-3A70-8D0A-283AE16E07AA}
	EndProjectSection
EndProject
Project("{8BC9CEB8-8B4A-11D0-8D11-00A0C91BC942}") = "threads", "external\glfw-3.1.2\tests\threads.vcxproj", "{B29ACE9F-E01D-36D7-9B5B-1D53FFE54B75}"
	ProjectSection(ProjectDependencies) = postProject
		{270A0D73-7A3B-31C1-9AA9-49939521562D} = {270A0D73-7A3B-31C1-9AA9-49939521562D}
		{ECC48E02-3EC4-3A70-8D0A-283AE16E07AA} = {ECC48E02-3EC4-3A70-8D0A-283AE16E07AA}
	EndProjectSection
EndProject
Project("{8BC9CEB8-8B4A-11D0-8D11-00A0C91BC942}") = "title", "external\glfw-3.1.2\tests\title.vcxproj", "{AF0750FB-5218-3007-B981-F4821C3B4A5D}"
	ProjectSection(ProjectDependencies) = postProject
		{270A0D73-7A3B-31C1-9AA9-49939521562D} = {270A0D73-7A3B-31C1-9AA9-49939521562D}
		{ECC48E02-3EC4-3A70-8D0A-283AE16E07AA} = {ECC48E02-3EC4-3A70-8D0A-283AE16E07AA}
	EndProjectSection
EndProject
Project("{8BC9CEB8-8B4A-11D0-8D11-00A0C91BC942}") = "tutorial01_first_window", "tutorial01_first_window.vcxproj", "{85C28ED1-DA31-3FFF-ABFA-502056402E22}"
	ProjectSection(ProjectDependencies) = postProject
		{C7BF15AB-462D-3975-92EE-594F179A41DC} = {C7BF15AB-462D-3975-92EE-594F179A41DC}
		{270A0D73-7A3B-31C1-9AA9-49939521562D} = {270A0D73-7A3B-31C1-9AA9-49939521562D}
		{ECC48E02-3EC4-3A70-8D0A-283AE16E07AA} = {ECC48E02-3EC4-3A70-8D0A-283AE16E07AA}
	EndProjectSection
EndProject
Project("{8BC9CEB8-8B4A-11D0-8D11-00A0C91BC942}") = "tutorial02_red_triangle", "tutorial02_red_triangle.vcxproj", "{75C3A355-98C0-343B-A549-83F080035647}"
	ProjectSection(ProjectDependencies) = postProject
		{C7BF15AB-462D-3975-92EE-594F179A41DC} = {C7BF15AB-462D-3975-92EE-594F179A41DC}
		{270A0D73-7A3B-31C1-9AA9-49939521562D} = {270A0D73-7A3B-31C1-9AA9-49939521562D}
		{ECC48E02-3EC4-3A70-8D0A-283AE16E07AA} = {ECC48E02-3EC4-3A70-8D0A-283AE16E07AA}
	EndProjectSection
EndProject
Project("{8BC9CEB8-8B4A-11D0-8D11-00A0C91BC942}") = "tutorial03_matrices", "tutorial03_matrices.vcxproj", "{50B9C2F9-5569-350C-9102-70A846D449F0}"
	ProjectSection(ProjectDependencies) = postProject
		{C7BF15AB-462D-3975-92EE-594F179A41DC} = {C7BF15AB-462D-3975-92EE-594F179A41DC}
		{270A0D73-7A3B-31C1-9AA9-49939521562D} = {270A0D73-7A3B-31C1-9AA9-49939521562D}
		{ECC48E02-3EC4-3A70-8D0A-283AE16E07AA} = {ECC48E02-3EC4-3A70-8D0A-283AE16E07AA}
	EndProjectSection
EndProject
Project("{8BC9CEB8-8B4A-11D0-8D11-00A0C91BC942}") = "tutorial04_colored_cube", "tutorial04_colored_cube.vcxproj", "{FA1F250A-C1C2-390D-AD8A-1413E29285BE}"
	ProjectSection(ProjectDependencies) = postProject
		{C7BF15AB-462D-3975-92EE-594F179A41DC} = {C7BF15AB-462D-3975-92EE-594F179A41DC}
		{270A0D73-7A3B-31C1-9AA9-49939521562D} = {270A0D73-7A3B-31C1-9AA9-49939521562D}
		{ECC48E02-3EC4-3A70-8D0A-283AE16E07AA} = {ECC48E02-3EC4-3A70-8D0A-283AE16E07AA}
	EndProjectSection
EndProject
Project("{8BC9CEB8-8B4A-11D0-8D11-00A0C91BC942}") = "tutorial05_textured_cube", "tutorial05_textured_cube.vcxproj", "{57A18E67-6E7A-3030-8F0D-EC9398E2592F}"
	ProjectSection(ProjectDependencies) = postProject
		{C7BF15AB-462D-3975-92EE-594F179A41DC} = {C7BF15AB-462D-3975-92EE-594F179A41DC}
		{270A0D73-7A3B-31C1-9AA9-49939521562D} = {270A0D73-7A3B-31C1-9AA9-49939521562D}
		{ECC48E02-3EC4-3A70-8D0A-283AE16E07AA} = {ECC48E02-3EC4-3A70-8D0A-283AE16E07AA}
	EndProjectSection
EndProject
Project("{8BC9CEB8-8B4A-11D0-8D11-00A0C91BC942}") = "tutorial06_keyboard_and_mouse", "tutorial06_keyboard_and_mouse.vcxproj", "{10E4A26F-BF8C-3A51-83FF-FB51073C488B}"
	ProjectSection(ProjectDependencies) = postProject
		{C7BF15AB-462D-3975-92EE-594F179A41DC} = {C7BF15AB-462D-3975-92EE-594F179A41DC}
		{270A0D73-7A3B-31C1-9AA9-49939521562D} = {270A0D73-7A3B-31C1-9AA9-49939521562D}
		{ECC48E02-3EC4-3A70-8D0A-283AE16E07AA} = {ECC48E02-3EC4-3A70-8D0A-283AE16E07AA}
	EndProjectSection
EndProject
Project("{8BC9CEB8-8B4A-11D0-8D11-00A0C91BC942}") = "tutorial07_model_loading", "tutorial07_model_loading.vcxproj", "{538E57F8-F154-3B2D-8321-1F1350F0C730}"
	ProjectSection(ProjectDependencies) = postProject
		{C7BF15AB-462D-3975-92EE-594F179A41DC} = {C7BF15AB-462D-3975-92EE-594F179A41DC}
		{270A0D73-7A3B-31C1-9AA9-49939521562D} = {270A0D73-7A3B-31C1-9AA9-49939521562D}
		{ECC48E02-3EC4-3A70-8D0A-283AE16E07AA} = {ECC48E02-3EC4-3A70-8D0A-283AE16E07AA}
	EndProjectSection
EndProject
Project("{8BC9CEB8-8B4A-11D0-8D11-00A0C91BC942}") = "tutorial08_basic_shading", "tutorial08_basic_shading.vcxproj", "{EBCB6033-BDFE-3F46-B72C-8187EB41C365}"
	ProjectSection(ProjectDependencies) = postProject
		{C7BF15AB-462D-3975-92EE-594F179A41DC} = {C7BF15AB-462D-3975-92EE-594F179A41DC}
		{270A0D73-7A3B-31C1-9AA9-49939521562D} = {270A0D73-7A3B-31C1-9AA9-49939521562D}
		{ECC48E02-3EC4-3A70-8D0A-283AE16E07AA} = {ECC48E02-3EC4-3A70-8D0A-283AE16E07AA}
	EndProjectSection
EndProject
Project("{8BC9CEB8-8B4A-11D0-8D11-00A0C91BC942}") = "tutorial09_AssImp", "tutorial09_AssImp.vcxproj", "{495A7536-5A2B-3BC5-B152-5795CDC57317}"
	ProjectSection(ProjectDependencies) = postProject
		{C7BF15AB-462D-3975-92EE-594F179A41DC} = {C7BF15AB-462D-3975-92EE-594F179A41DC}
		{270A0D73-7A3B-31C1-9AA9-49939521562D} = {270A0D73-7A3B-31C1-9AA9-49939521562D}
		{D7726F89-DB13-3E01-9054-FE08575421E4} = {D7726F89-DB13-3E01-9054-FE08575421E4}
		{ECC48E02-3EC4-3A70-8D0A-283AE16E07AA} = {ECC48E02-3EC4-3A70-8D0A-283AE16E07AA}
		{D6B8C460-D470-3AF4-827C-C16BD8CDF07E} = {D6B8C460-D470-3AF4-827C-C16BD8CDF07E}
	EndProjectSection
EndProject
Project("{8BC9CEB8-8B4A-11D0-8D11-00A0C91BC942}") = "tutorial09_several_objects", "tutorial09_several_objects.vcxproj", "{13D54504-C45F-32C3-8A03-1A4153A7A44F}"
	ProjectSection(ProjectDependencies) = postProject
		{C7BF15AB-462D-3975-92EE-594F179A41DC} = {C7BF15AB-462D-3975-92EE-594F179A41DC}
		{270A0D73-7A3B-31C1-9AA9-49939521562D} = {270A0D73-7A3B-31C1-9AA9-49939521562D}
		{ECC48E02-3EC4-3A70-8D0A-283AE16E07AA} = {ECC48E02-3EC4-3A70-8D0A-283AE16E07AA}
	EndProjectSection
EndProject
Project("{8BC9CEB8-8B4A-11D0-8D11-00A0C91BC942}") = "tutorial09_vbo_indexing", "tutorial09_vbo_indexing.vcxproj", "{DFFC6281-E9DC-3A0C-8B9E-8259B3789240}"
	ProjectSection(ProjectDependencies) = postProject
		{C7BF15AB-462D-3975-92EE-594F179A41DC} = {C7BF15AB-462D-3975-92EE-594F179A41DC}
		{270A0D73-7A3B-31C1-9AA9-49939521562D} = {270A0D73-7A3B-31C1-9AA9-49939521562D}
		{ECC48E02-3EC4-3A70-8D0A-283AE16E07AA} = {ECC48E02-3EC4-3A70-8D0A-283AE16E07AA}
	EndProjectSection
EndProject
Project("{8BC9CEB8-8B4A-11D0-8D11-00A0C91BC942}") = "tutorial10_transparency", "tutorial10_transparency.vcxproj", "{DF00E4A4-FCF8-3FBE-BFF3-285421D44EF5}"
	ProjectSection(ProjectDependencies) = postProject
		{C7BF15AB-462D-3975-92EE-594F179A41DC} = {C7BF15AB-462D-3975-92EE-594F179A41DC}
		{270A0D73-7A3B-31C1-9AA9-49939521562D} = {270A0D73-7A3B-31C1-9AA9-49939521562D}
		{ECC48E02-3EC4-3A70-8D0A-283AE16E07AA} = {ECC48E02-3EC4-3A70-8D0A-283AE16E07AA}
	EndProjectSection
EndProject
Project("{8BC9CEB8-8B4A-11D0-8D11-00A0C91BC942}") = "tutorial11_2d_fonts", "tutorial11_2d_fonts.vcxproj", "{4D79D371-88E8-3DE1-B609-5FEA13955AEF}"
	ProjectSection(ProjectDependencies) = postProject
		{C7BF15AB-462D-3975-92EE-594F179A41DC} = {C7BF15AB-462D-3975-92EE-594F179A41DC}
		{270A0D73-7A3B-31C1-9AA9-49939521562D} = {270A0D73-7A3B-31C1-9AA9-49939521562D}
		{ECC48E02-3EC4-3A70-8D0A-283AE16E07AA} = {ECC48E02-3EC4-3A70-8D0A-283AE16E07AA}
	EndProjectSection
EndProject
Project("{8BC9CEB8-8B4A-11D0-8D11-00A0C91BC942}") = "tutorial12_extensions", "tutorial12_extensions.vcxproj", "{BC184A76-A203-37C5-8279-9935FE8844E4}"
	ProjectSection(ProjectDependencies) = postProject
		{C7BF15AB-462D-3975-92EE-594F179A41DC} = {C7BF15AB-462D-3975-92EE-594F179A41DC}
		{270A0D73-7A3B-31C1-9AA9-49939521562D} = {270A0D73-7A3B-31C1-9AA9-49939521562D}
		{ECC48E02-3EC4-3A70-8D0A-283AE16E07AA} = {ECC48E02-3EC4-3A70-8D0A-283AE16E07AA}
	EndProjectSection
EndProject
Project("{8BC9CEB8-8B4A-11D0-8D11-00A0C91BC942}") = "tutorial13_normal_mapping", "tutorial13_normal_mapping.vcxproj", "{506EC060-7513-3C28-B79B-25ED27377D08}"
	ProjectSection(ProjectDependencies) = postProject
		{C7BF15AB-462D-3975-92EE-594F179A41DC} = {C7BF15AB-462D-3975-92EE-594F179A41DC}
		{270A0D73-7A3B-31C1-9AA9-49939521562D} = {270A0D73-7A3B-31C1-9AA9-49939521562D}
		{ECC48E02-3EC4-3A70-8D0A-283AE16E07AA} = {ECC48E02-3EC4-3A70-8D0A-283AE16E07AA}
	EndProjectSection
EndProject
Project("{8BC9CEB8-8B4A-11D0-8D11-00A0C91BC942}") = "tutorial14_render_to_texture", "tutorial14_render_to_texture.vcxproj", "{6993FF84-C652-3DF9-949E-77A668D967B3}"
	ProjectSection(ProjectDependencies) = postProject
		{C7BF15AB-462D-3975-92EE-594F179A41DC} = {C7BF15AB-462D-3975-92EE-594F179A41DC}
		{270A0D73-7A3B-31C1-9AA9-49939521562D} = {270A0D73-7A3B-31C1-9AA9-49939521562D}
		{ECC48E02-3EC4-3A70-8D0A-283AE16E07AA} = {ECC48E02-3EC4-3A70-8D0A-283AE16E07AA}
	EndProjectSection
EndProject
Project("{8BC9CEB8-8B4A-11D0-8D11-00A0C91BC942}") = "tutorial15_lightmaps", "tutorial15_lightmaps.vcxproj", "{45F28A1B-A676-3688-9CF7-502758C197A3}"
	ProjectSection(ProjectDependencies) = postProject
		{C7BF15AB-462D-3975-92EE-594F179A41DC} = {C7BF15AB-462D-3975-92EE-594F179A41DC}
		{270A0D73-7A3B-31C1-9AA9-49939521562D} = {270A0D73-7A3B-31C1-9AA9-49939521562D}
		{ECC48E02-3EC4-3A70-8D0A-283AE16E07AA} = {ECC48E02-3EC4-3A70-8D0A-283AE16E07AA}
	EndProjectSection
EndProject
Project("{8BC9CEB8-8B4A-11D0-8D11-00A0C91BC942}") = "tutorial16_shadowmaps", "tutorial16_shadowmaps.vcxproj", "{C675569A-D6AD-3591-96D9-1E29F48319B7}"
	ProjectSection(ProjectDependencies) = postProject
		{C7BF15AB-462D-3975-92EE-594F179A41DC} = {C7BF15AB-462D-3975-92EE-594F179A41DC}
		{270A0D73-7A3B-31C1-9AA9-49939521562D} = {270A0D73-7A3B-31C1-9AA9-49939521562D}
		{ECC48E02-3EC4-3A70-8D0A-283AE16E07AA} = {ECC48E02-3EC4-3A70-8D0A-283AE16E07AA}
	EndProjectSection
EndProject
Project("{8BC9CEB8-8B4A-11D0-8D11-00A0C91BC942}") = "tutorial16_shadowmaps_simple", "tutorial16_shadowmaps_simple.vcxproj", "{A6982CE9-AABF-3BAF-9D86-277B61ACEA58}"
	ProjectSection(ProjectDependencies) = postProject
		{C7BF15AB-462D-3975-92EE-594F179A41DC} = {C7BF15AB-462D-3975-92EE-594F179A41DC}
		{270A0D73-7A3B-31C1-9AA9-49939521562D} = {270A0D73-7A3B-31C1-9AA9-49939521562D}
		{ECC48E02-3EC4-3A70-8D0A-283AE16E07AA} = {ECC48E02-3EC4-3A70-8D0A-283AE16E07AA}
	EndProjectSection
EndProject
Project("{8BC9CEB8-8B4A-11D0-8D11-00A0C91BC942}") = "tutorial17_rotations", "tutorial17_rotations.vcxproj", "{CA2F91C5-FF8C-36E4-B9FB-530F1AB9B337}"
	ProjectSection(ProjectDependencies) = postProject
		{1473EFF2-B641-3282-BFB8-9A37512497B2} = {1473EFF2-B641-3282-BFB8-9A37512497B2}
		{C7BF15AB-462D-3975-92EE-594F179A41DC} = {C7BF15AB-462D-3975-92EE-594F179A41DC}
		{270A0D73-7A3B-31C1-9AA9-49939521562D} = {270A0D73-7A3B-31C1-9AA9-49939521562D}
		{ECC48E02-3EC4-3A70-8D0A-283AE16E07AA} = {ECC48E02-3EC4-3A70-8D0A-283AE16E07AA}
	EndProjectSection
EndProject
Project("{8BC9CEB8-8B4A-11D0-8D11-00A0C91BC942}") = "tutorial18_billboards", "tutorial18_billboards.vcxproj", "{5EBC4D58-44FB-3768-8671-77CE1E0472BD}"
	ProjectSection(ProjectDependencies) = postProject
		{C7BF15AB-462D-3975-92EE-594F179A41DC} = {C7BF15AB-462D-3975-92EE-594F179A41DC}
		{270A0D73-7A3B-31C1-9AA9-49939521562D} = {270A0D73-7A3B-31C1-9AA9-49939521562D}
		{ECC48E02-3EC4-3A70-8D0A-283AE16E07AA} = {ECC48E02-3EC4-3A70-8D0A-283AE16E07AA}
	EndProjectSection
EndProject
Project("{8BC9CEB8-8B4A-11D0-8D11-00A0C91BC942}") = "tutorial18_particles", "tutorial18_particles.vcxproj", "{B5EFB6E8-CBB7-3DE8-BE6F-00513BCC5E19}"
	ProjectSection(ProjectDependencies) = postProject
		{C7BF15AB-462D-3975-92EE-594F179A41DC} = {C7BF15AB-462D-3975-92EE-594F179A41DC}
		{270A0D73-7A3B-31C1-9AA9-49939521562D} = {270A0D73-7A3B-31C1-9AA9-49939521562D}
		{ECC48E02-3EC4-3A70-8D0A-283AE16E07AA} = {ECC48E02-3EC4-3A70-8D0A-283AE16E07AA}
	EndProjectSection
EndProject
Project("{8BC9CEB8-8B4A-11D0-8D11-00A0C91BC942}") = "uninstall", "external\glfw-3.1.2\uninstall.vcxproj", "{27952D15-BA3B-3EA4-B7A3-D46C8A21225C}"
	ProjectSection(ProjectDependencies) = postProject
		{270A0D73-7A3B-31C1-9AA9-49939521562D} = {270A0D73-7A3B-31C1-9AA9-49939521562D}
	EndProjectSection
EndProject
Project("{8BC9CEB8-8B4A-11D0-8D11-00A0C91BC942}") = "wave", "external\glfw-3.1.2\examples\wave.vcxproj", "{E4EAB2A4-E542-3306-976D-B391FAFD1304}"
	ProjectSection(ProjectDependencies) = postProject
		{270A0D73-7A3B-31C1-9AA9-49939521562D} = {270A0D73-7A3B-31C1-9AA9-49939521562D}
		{ECC48E02-3EC4-3A70-8D0A-283AE16E07AA} = {ECC48E02-3EC4-3A70-8D0A-283AE16E07AA}
	EndProjectSection
EndProject
Project("{8BC9CEB8-8B4A-11D0-8D11-00A0C91BC942}") = "windows", "external\glfw-3.1.2\tests\windows.vcxproj", "{C7A9DE73-C531-3D38-AA54-1BA08E9EAC58}"
	ProjectSection(ProjectDependencies) = postProject
		{270A0D73-7A3B-31C1-9AA9-49939521562D} = {270A0D73-7A3B-31C1-9AA9-49939521562D}
		{ECC48E02-3EC4-3A70-8D0A-283AE16E07AA} = {ECC48E02-3EC4-3A70-8D0A-283AE16E07AA}
	EndProjectSection
EndProject
Project("{8BC9CEB8-8B4A-11D0-8D11-00A0C91BC942}") = "zlib", "external\assimp-3.0.1270\contrib\zlib\zlib.vcxproj", "{D6B8C460-D470-3AF4-827C-C16BD8CDF07E}"
	ProjectSection(ProjectDependencies) = postProject
		{270A0D73-7A3B-31C1-9AA9-49939521562D} = {270A0D73-7A3B-31C1-9AA9-49939521562D}
	EndProjectSection
EndProject
Global
	GlobalSection(SolutionConfigurationPlatforms) = preSolution
		Debug|x64 = Debug|x64
		Release|x64 = Release|x64
		MinSizeRel|x64 = MinSizeRel|x64
		RelWithDebInfo|x64 = RelWithDebInfo|x64
	EndGlobalSection
	GlobalSection(ProjectConfigurationPlatforms) = postSolution
		{8B0A4883-D947-3B03-B207-ACAD8D06B47C}.Debug|x64.ActiveCfg = Debug|x64
		{8B0A4883-D947-3B03-B207-ACAD8D06B47C}.Debug|x64.Build.0 = Debug|x64
		{8B0A4883-D947-3B03-B207-ACAD8D06B47C}.Release|x64.ActiveCfg = Release|x64
		{8B0A4883-D947-3B03-B207-ACAD8D06B47C}.Release|x64.Build.0 = Release|x64
		{8B0A4883-D947-3B03-B207-ACAD8D06B47C}.MinSizeRel|x64.ActiveCfg = MinSizeRel|x64
		{8B0A4883-D947-3B03-B207-ACAD8D06B47C}.MinSizeRel|x64.Build.0 = MinSizeRel|x64
		{8B0A4883-D947-3B03-B207-ACAD8D06B47C}.RelWithDebInfo|x64.ActiveCfg = RelWithDebInfo|x64
		{8B0A4883-D947-3B03-B207-ACAD8D06B47C}.RelWithDebInfo|x64.Build.0 = RelWithDebInfo|x64
		{1473EFF2-B641-3282-BFB8-9A37512497B2}.Debug|x64.ActiveCfg = Debug|x64
		{1473EFF2-B641-3282-BFB8-9A37512497B2}.Debug|x64.Build.0 = Debug|x64
		{1473EFF2-B641-3282-BFB8-9A37512497B2}.Release|x64.ActiveCfg = Release|x64
		{1473EFF2-B641-3282-BFB8-9A37512497B2}.Release|x64.Build.0 = Release|x64
		{1473EFF2-B641-3282-BFB8-9A37512497B2}.MinSizeRel|x64.ActiveCfg = MinSizeRel|x64
		{1473EFF2-B641-3282-BFB8-9A37512497B2}.MinSizeRel|x64.Build.0 = MinSizeRel|x64
		{1473EFF2-B641-3282-BFB8-9A37512497B2}.RelWithDebInfo|x64.ActiveCfg = RelWithDebInfo|x64
		{1473EFF2-B641-3282-BFB8-9A37512497B2}.RelWithDebInfo|x64.Build.0 = RelWithDebInfo|x64
		{867F6320-C77B-3F42-ADB0-DCCCD26EA42B}.Debug|x64.ActiveCfg = Debug|x64
		{867F6320-C77B-3F42-ADB0-DCCCD26EA42B}.Debug|x64.Build.0 = Debug|x64
		{867F6320-C77B-3F42-ADB0-DCCCD26EA42B}.Release|x64.ActiveCfg = Release|x64
		{867F6320-C77B-3F42-ADB0-DCCCD26EA42B}.Release|x64.Build.0 = Release|x64
		{867F6320-C77B-3F42-ADB0-DCCCD26EA42B}.MinSizeRel|x64.ActiveCfg = MinSizeRel|x64
		{867F6320-C77B-3F42-ADB0-DCCCD26EA42B}.MinSizeRel|x64.Build.0 = MinSizeRel|x64
		{867F6320-C77B-3F42-ADB0-DCCCD26EA42B}.RelWithDebInfo|x64.ActiveCfg = RelWithDebInfo|x64
		{867F6320-C77B-3F42-ADB0-DCCCD26EA42B}.RelWithDebInfo|x64.Build.0 = RelWithDebInfo|x64
		{9AED0156-83FC-31FF-A28E-EE2ABCEEA6BD}.Debug|x64.ActiveCfg = Debug|x64
		{9AED0156-83FC-31FF-A28E-EE2ABCEEA6BD}.Debug|x64.Build.0 = Debug|x64
		{9AED0156-83FC-31FF-A28E-EE2ABCEEA6BD}.Release|x64.ActiveCfg = Release|x64
		{9AED0156-83FC-31FF-A28E-EE2ABCEEA6BD}.Release|x64.Build.0 = Release|x64
		{9AED0156-83FC-31FF-A28E-EE2ABCEEA6BD}.MinSizeRel|x64.ActiveCfg = MinSizeRel|x64
		{9AED0156-83FC-31FF-A28E-EE2ABCEEA6BD}.MinSizeRel|x64.Build.0 = MinSizeRel|x64
		{9AED0156-83FC-31FF-A28E-EE2ABCEEA6BD}.RelWithDebInfo|x64.ActiveCfg = RelWithDebInfo|x64
		{9AED0156-83FC-31FF-A28E-EE2ABCEEA6BD}.RelWithDebInfo|x64.Build.0 = RelWithDebInfo|x64
		{5D3EA119-5A35-3F04-939F-2D1E672DE330}.Debug|x64.ActiveCfg = Debug|x64
		{5D3EA119-5A35-3F04-939F-2D1E672DE330}.Debug|x64.Build.0 = Debug|x64
		{5D3EA119-5A35-3F04-939F-2D1E672DE330}.Release|x64.ActiveCfg = Release|x64
		{5D3EA119-5A35-3F04-939F-2D1E672DE330}.Release|x64.Build.0 = Release|x64
		{5D3EA119-5A35-3F04-939F-2D1E672DE330}.MinSizeRel|x64.ActiveCfg = MinSizeRel|x64
		{5D3EA119-5A35-3F04-939F-2D1E672DE330}.MinSizeRel|x64.Build.0 = MinSizeRel|x64
		{5D3EA119-5A35-3F04-939F-2D1E672DE330}.RelWithDebInfo|x64.ActiveCfg = RelWithDebInfo|x64
		{5D3EA119-5A35-3F04-939F-2D1E672DE330}.RelWithDebInfo|x64.Build.0 = RelWithDebInfo|x64
		{C7BF15AB-462D-3975-92EE-594F179A41DC}.Debug|x64.ActiveCfg = Debug|x64
		{C7BF15AB-462D-3975-92EE-594F179A41DC}.Debug|x64.Build.0 = Debug|x64
		{C7BF15AB-462D-3975-92EE-594F179A41DC}.Release|x64.ActiveCfg = Release|x64
		{C7BF15AB-462D-3975-92EE-594F179A41DC}.Release|x64.Build.0 = Release|x64
		{C7BF15AB-462D-3975-92EE-594F179A41DC}.MinSizeRel|x64.ActiveCfg = MinSizeRel|x64
		{C7BF15AB-462D-3975-92EE-594F179A41DC}.MinSizeRel|x64.Build.0 = MinSizeRel|x64
		{C7BF15AB-462D-3975-92EE-594F179A41DC}.RelWithDebInfo|x64.ActiveCfg = RelWithDebInfo|x64
		{C7BF15AB-462D-3975-92EE-594F179A41DC}.RelWithDebInfo|x64.Build.0 = RelWithDebInfo|x64
		{B345C365-F4F0-3B89-BF82-1A1D759E4B4C}.Debug|x64.ActiveCfg = Debug|x64
		{B345C365-F4F0-3B89-BF82-1A1D759E4B4C}.Release|x64.ActiveCfg = Release|x64
		{B345C365-F4F0-3B89-BF82-1A1D759E4B4C}.MinSizeRel|x64.ActiveCfg = MinSizeRel|x64
		{B345C365-F4F0-3B89-BF82-1A1D759E4B4C}.RelWithDebInfo|x64.ActiveCfg = RelWithDebInfo|x64
		{A8D8FA4C-3088-35C6-B515-46384C477FDB}.Debug|x64.ActiveCfg = Debug|x64
		{A8D8FA4C-3088-35C6-B515-46384C477FDB}.Debug|x64.Build.0 = Debug|x64
		{A8D8FA4C-3088-35C6-B515-46384C477FDB}.Release|x64.ActiveCfg = Release|x64
		{A8D8FA4C-3088-35C6-B515-46384C477FDB}.Release|x64.Build.0 = Release|x64
		{A8D8FA4C-3088-35C6-B515-46384C477FDB}.MinSizeRel|x64.ActiveCfg = MinSizeRel|x64
		{A8D8FA4C-3088-35C6-B515-46384C477FDB}.MinSizeRel|x64.Build.0 = MinSizeRel|x64
		{A8D8FA4C-3088-35C6-B515-46384C477FDB}.RelWithDebInfo|x64.ActiveCfg = RelWithDebInfo|x64
		{A8D8FA4C-3088-35C6-B515-46384C477FDB}.RelWithDebInfo|x64.Build.0 = RelWithDebInfo|x64
		{270A0D73-7A3B-31C1-9AA9-49939521562D}.Debug|x64.ActiveCfg = Debug|x64
		{270A0D73-7A3B-31C1-9AA9-49939521562D}.Debug|x64.Build.0 = Debug|x64
		{270A0D73-7A3B-31C1-9AA9-49939521562D}.Release|x64.ActiveCfg = Release|x64
		{270A0D73-7A3B-31C1-9AA9-49939521562D}.Release|x64.Build.0 = Release|x64
		{270A0D73-7A3B-31C1-9AA9-49939521562D}.MinSizeRel|x64.ActiveCfg = MinSizeRel|x64
		{270A0D73-7A3B-31C1-9AA9-49939521562D}.MinSizeRel|x64.Build.0 = MinSizeRel|x64
		{270A0D73-7A3B-31C1-9AA9-49939521562D}.RelWithDebInfo|x64.ActiveCfg = RelWithDebInfo|x64
		{270A0D73-7A3B-31C1-9AA9-49939521562D}.RelWithDebInfo|x64.Build.0 = RelWithDebInfo|x64
		{D7726F89-DB13-3E01-9054-FE08575421E4}.Debug|x64.ActiveCfg = Debug|x64
		{D7726F89-DB13-3E01-9054-FE08575421E4}.Debug|x64.Build.0 = Debug|x64
		{D7726F89-DB13-3E01-9054-FE08575421E4}.Release|x64.ActiveCfg = Release|x64
		{D7726F89-DB13-3E01-9054-FE08575421E4}.Release|x64.Build.0 = Release|x64
		{D7726F89-DB13-3E01-9054-FE08575421E4}.MinSizeRel|x64.ActiveCfg = MinSizeRel|x64
		{D7726F89-DB13-3E01-9054-FE08575421E4}.MinSizeRel|x64.Build.0 = MinSizeRel|x64
		{D7726F89-DB13-3E01-9054-FE08575421E4}.RelWithDebInfo|x64.ActiveCfg = RelWithDebInfo|x64
		{D7726F89-DB13-3E01-9054-FE08575421E4}.RelWithDebInfo|x64.Build.0 = RelWithDebInfo|x64
		{0F093ACA-A8EF-390A-AF74-13F678BD1CAB}.Debug|x64.ActiveCfg = Debug|x64
		{0F093ACA-A8EF-390A-AF74-13F678BD1CAB}.Debug|x64.Build.0 = Debug|x64
		{0F093ACA-A8EF-390A-AF74-13F678BD1CAB}.Release|x64.ActiveCfg = Release|x64
		{0F093ACA-A8EF-390A-AF74-13F678BD1CAB}.Release|x64.Build.0 = Release|x64
		{0F093ACA-A8EF-390A-AF74-13F678BD1CAB}.MinSizeRel|x64.ActiveCfg = MinSizeRel|x64
		{0F093ACA-A8EF-390A-AF74-13F678BD1CAB}.MinSizeRel|x64.Build.0 = MinSizeRel|x64
		{0F093ACA-A8EF-390A-AF74-13F678BD1CAB}.RelWithDebInfo|x64.ActiveCfg = RelWithDebInfo|x64
		{0F093ACA-A8EF-390A-AF74-13F678BD1CAB}.RelWithDebInfo|x64.Build.0 = RelWithDebInfo|x64
		{C7D4BBC6-F88C-354D-856E-3B4C1EBE9DA8}.Debug|x64.ActiveCfg = Debug|x64
		{C7D4BBC6-F88C-354D-856E-3B4C1EBE9DA8}.Debug|x64.Build.0 = Debug|x64
		{C7D4BBC6-F88C-354D-856E-3B4C1EBE9DA8}.Release|x64.ActiveCfg = Release|x64
		{C7D4BBC6-F88C-354D-856E-3B4C1EBE9DA8}.Release|x64.Build.0 = Release|x64
		{C7D4BBC6-F88C-354D-856E-3B4C1EBE9DA8}.MinSizeRel|x64.ActiveCfg = MinSizeRel|x64
		{C7D4BBC6-F88C-354D-856E-3B4C1EBE9DA8}.MinSizeRel|x64.Build.0 = MinSizeRel|x64
		{C7D4BBC6-F88C-354D-856E-3B4C1EBE9DA8}.RelWithDebInfo|x64.ActiveCfg = RelWithDebInfo|x64
		{C7D4BBC6-F88C-354D-856E-3B4C1EBE9DA8}.RelWithDebInfo|x64.Build.0 = RelWithDebInfo|x64
		{A119F517-5FE7-3079-9C61-656784C4FE3F}.Debug|x64.ActiveCfg = Debug|x64
		{A119F517-5FE7-3079-9C61-656784C4FE3F}.Debug|x64.Build.0 = Debug|x64
		{A119F517-5FE7-3079-9C61-656784C4FE3F}.Release|x64.ActiveCfg = Release|x64
		{A119F517-5FE7-3079-9C61-656784C4FE3F}.Release|x64.Build.0 = Release|x64
		{A119F517-5FE7-3079-9C61-656784C4FE3F}.MinSizeRel|x64.ActiveCfg = MinSizeRel|x64
		{A119F517-5FE7-3079-9C61-656784C4FE3F}.MinSizeRel|x64.Build.0 = MinSizeRel|x64
		{A119F517-5FE7-3079-9C61-656784C4FE3F}.RelWithDebInfo|x64.ActiveCfg = RelWithDebInfo|x64
		{A119F517-5FE7-3079-9C61-656784C4FE3F}.RelWithDebInfo|x64.Build.0 = RelWithDebInfo|x64
		{F89278FD-F2A2-3962-B4BF-112B0920DE3C}.Debug|x64.ActiveCfg = Debug|x64
		{F89278FD-F2A2-3962-B4BF-112B0920DE3C}.Debug|x64.Build.0 = Debug|x64
		{F89278FD-F2A2-3962-B4BF-112B0920DE3C}.Release|x64.ActiveCfg = Release|x64
		{F89278FD-F2A2-3962-B4BF-112B0920DE3C}.Release|x64.Build.0 = Release|x64
		{F89278FD-F2A2-3962-B4BF-112B0920DE3C}.MinSizeRel|x64.ActiveCfg = MinSizeRel|x64
		{F89278FD-F2A2-3962-B4BF-112B0920DE3C}.MinSizeRel|x64.Build.0 = MinSizeRel|x64
		{F89278FD-F2A2-3962-B4BF-112B0920DE3C}.RelWithDebInfo|x64.ActiveCfg = RelWithDebInfo|x64
		{F89278FD-F2A2-3962-B4BF-112B0920DE3C}.RelWithDebInfo|x64.Build.0 = RelWithDebInfo|x64
		{5F09EE4F-BBC6-3A75-9854-2202EDBF80CC}.Debug|x64.ActiveCfg = Debug|x64
		{5F09EE4F-BBC6-3A75-9854-2202EDBF80CC}.Debug|x64.Build.0 = Debug|x64
		{5F09EE4F-BBC6-3A75-9854-2202EDBF80CC}.Release|x64.ActiveCfg = Release|x64
		{5F09EE4F-BBC6-3A75-9854-2202EDBF80CC}.Release|x64.Build.0 = Release|x64
		{5F09EE4F-BBC6-3A75-9854-2202EDBF80CC}.MinSizeRel|x64.ActiveCfg = MinSizeRel|x64
		{5F09EE4F-BBC6-3A75-9854-2202EDBF80CC}.MinSizeRel|x64.Build.0 = MinSizeRel|x64
		{5F09EE4F-BBC6-3A75-9854-2202EDBF80CC}.RelWithDebInfo|x64.ActiveCfg = RelWithDebInfo|x64
		{5F09EE4F-BBC6-3A75-9854-2202EDBF80CC}.RelWithDebInfo|x64.Build.0 = RelWithDebInfo|x64
		{10D3AD10-FE5D-3031-B026-E376C0B15FB0}.Debug|x64.ActiveCfg = Debug|x64
		{10D3AD10-FE5D-3031-B026-E376C0B15FB0}.Debug|x64.Build.0 = Debug|x64
		{10D3AD10-FE5D-3031-B026-E376C0B15FB0}.Release|x64.ActiveCfg = Release|x64
		{10D3AD10-FE5D-3031-B026-E376C0B15FB0}.Release|x64.Build.0 = Release|x64
		{10D3AD10-FE5D-3031-B026-E376C0B15FB0}.MinSizeRel|x64.ActiveCfg = MinSizeRel|x64
		{10D3AD10-FE5D-3031-B026-E376C0B15FB0}.MinSizeRel|x64.Build.0 = MinSizeRel|x64
		{10D3AD10-FE5D-3031-B026-E376C0B15FB0}.RelWithDebInfo|x64.ActiveCfg = RelWithDebInfo|x64
		{10D3AD10-FE5D-3031-B026-E376C0B15FB0}.RelWithDebInfo|x64.Build.0 = RelWithDebInfo|x64
		{8E3B56B4-3DF7-3FCB-9AD5-946B8CC5E466}.Debug|x64.ActiveCfg = Debug|x64
		{8E3B56B4-3DF7-3FCB-9AD5-946B8CC5E466}.Debug|x64.Build.0 = Debug|x64
		{8E3B56B4-3DF7-3FCB-9AD5-946B8CC5E466}.Release|x64.ActiveCfg = Release|x64
		{8E3B56B4-3DF7-3FCB-9AD5-946B8CC5E466}.Release|x64.Build.0 = Release|x64
		{8E3B56B4-3DF7-3FCB-9AD5-946B8CC5E466}.MinSizeRel|x64.ActiveCfg = MinSizeRel|x64
		{8E3B56B4-3DF7-3FCB-9AD5-946B8CC5E466}.MinSizeRel|x64.Build.0 = MinSizeRel|x64
		{8E3B56B4-3DF7-3FCB-9AD5-946B8CC5E466}.RelWithDebInfo|x64.ActiveCfg = RelWithDebInfo|x64
		{8E3B56B4-3DF7-3FCB-9AD5-946B8CC5E466}.RelWithDebInfo|x64.Build.0 = RelWithDebInfo|x64
		{ECC48E02-3EC4-3A70-8D0A-283AE16E07AA}.Debug|x64.ActiveCfg = Debug|x64
		{ECC48E02-3EC4-3A70-8D0A-283AE16E07AA}.Debug|x64.Build.0 = Debug|x64
		{ECC48E02-3EC4-3A70-8D0A-283AE16E07AA}.Release|x64.ActiveCfg = Release|x64
		{ECC48E02-3EC4-3A70-8D0A-283AE16E07AA}.Release|x64.Build.0 = Release|x64
		{ECC48E02-3EC4-3A70-8D0A-283AE16E07AA}.MinSizeRel|x64.ActiveCfg = MinSizeRel|x64
		{ECC48E02-3EC4-3A70-8D0A-283AE16E07AA}.MinSizeRel|x64.Build.0 = MinSizeRel|x64
		{ECC48E02-3EC4-3A70-8D0A-283AE16E07AA}.RelWithDebInfo|x64.ActiveCfg = RelWithDebInfo|x64
		{ECC48E02-3EC4-3A70-8D0A-283AE16E07AA}.RelWithDebInfo|x64.Build.0 = RelWithDebInfo|x64
		{BF9A3579-D1E5-358F-90E2-12454A3BE599}.Debug|x64.ActiveCfg = Debug|x64
		{BF9A3579-D1E5-358F-90E2-12454A3BE599}.Debug|x64.Build.0 = Debug|x64
		{BF9A3579-D1E5-358F-90E2-12454A3BE599}.Release|x64.ActiveCfg = Release|x64
		{BF9A3579-D1E5-358F-90E2-12454A3BE599}.Release|x64.Build.0 = Release|x64
		{BF9A3579-D1E5-358F-90E2-12454A3BE599}.MinSizeRel|x64.ActiveCfg = MinSizeRel|x64
		{BF9A3579-D1E5-358F-90E2-12454A3BE599}.MinSizeRel|x64.Build.0 = MinSizeRel|x64
		{BF9A3579-D1E5-358F-90E2-12454A3BE599}.RelWithDebInfo|x64.ActiveCfg = RelWithDebInfo|x64
		{BF9A3579-D1E5-358F-90E2-12454A3BE599}.RelWithDebInfo|x64.Build.0 = RelWithDebInfo|x64
		{74D4CC92-1FD5-378E-AD26-35AB779D4F7A}.Debug|x64.ActiveCfg = Debug|x64
		{74D4CC92-1FD5-378E-AD26-35AB779D4F7A}.Debug|x64.Build.0 = Debug|x64
		{74D4CC92-1FD5-378E-AD26-35AB779D4F7A}.Release|x64.ActiveCfg = Release|x64
		{74D4CC92-1FD5-378E-AD26-35AB779D4F7A}.Release|x64.Build.0 = Release|x64
		{74D4CC92-1FD5-378E-AD26-35AB779D4F7A}.MinSizeRel|x64.ActiveCfg = MinSizeRel|x64
		{74D4CC92-1FD5-378E-AD26-35AB779D4F7A}.MinSizeRel|x64.Build.0 = MinSizeRel|x64
		{74D4CC92-1FD5-378E-AD26-35AB779D4F7A}.RelWithDebInfo|x64.ActiveCfg = RelWithDebInfo|x64
		{74D4CC92-1FD5-378E-AD26-35AB779D4F7A}.RelWithDebInfo|x64.Build.0 = RelWithDebInfo|x64
		{CCAF0982-3C72-3C12-A93F-FCE3910EF58E}.Debug|x64.ActiveCfg = Debug|x64
		{CCAF0982-3C72-3C12-A93F-FCE3910EF58E}.Debug|x64.Build.0 = Debug|x64
		{CCAF0982-3C72-3C12-A93F-FCE3910EF58E}.Release|x64.ActiveCfg = Release|x64
		{CCAF0982-3C72-3C12-A93F-FCE3910EF58E}.Release|x64.Build.0 = Release|x64
		{CCAF0982-3C72-3C12-A93F-FCE3910EF58E}.MinSizeRel|x64.ActiveCfg = MinSizeRel|x64
		{CCAF0982-3C72-3C12-A93F-FCE3910EF58E}.MinSizeRel|x64.Build.0 = MinSizeRel|x64
		{CCAF0982-3C72-3C12-A93F-FCE3910EF58E}.RelWithDebInfo|x64.ActiveCfg = RelWithDebInfo|x64
		{CCAF0982-3C72-3C12-A93F-FCE3910EF58E}.RelWithDebInfo|x64.Build.0 = RelWithDebInfo|x64
		{6A51AA8F-3802-3633-8E16-6DB0DC2E036F}.Debug|x64.ActiveCfg = Debug|x64
		{6A51AA8F-3802-3633-8E16-6DB0DC2E036F}.Debug|x64.Build.0 = Debug|x64
		{6A51AA8F-3802-3633-8E16-6DB0DC2E036F}.Release|x64.ActiveCfg = Release|x64
		{6A51AA8F-3802-3633-8E16-6DB0DC2E036F}.Release|x64.Build.0 = Release|x64
		{6A51AA8F-3802-3633-8E16-6DB0DC2E036F}.MinSizeRel|x64.ActiveCfg = MinSizeRel|x64
		{6A51AA8F-3802-3633-8E16-6DB0DC2E036F}.MinSizeRel|x64.Build.0 = MinSizeRel|x64
		{6A51AA8F-3802-3633-8E16-6DB0DC2E036F}.RelWithDebInfo|x64.ActiveCfg = RelWithDebInfo|x64
		{6A51AA8F-3802-3633-8E16-6DB0DC2E036F}.RelWithDebInfo|x64.Build.0 = RelWithDebInfo|x64
		{3AF246DD-593A-359D-A68E-AA3539394CFC}.Debug|x64.ActiveCfg = Debug|x64
		{3AF246DD-593A-359D-A68E-AA3539394CFC}.Debug|x64.Build.0 = Debug|x64
		{3AF246DD-593A-359D-A68E-AA3539394CFC}.Release|x64.ActiveCfg = Release|x64
		{3AF246DD-593A-359D-A68E-AA3539394CFC}.Release|x64.Build.0 = Release|x64
		{3AF246DD-593A-359D-A68E-AA3539394CFC}.MinSizeRel|x64.ActiveCfg = MinSizeRel|x64
		{3AF246DD-593A-359D-A68E-AA3539394CFC}.MinSizeRel|x64.Build.0 = MinSizeRel|x64
		{3AF246DD-593A-359D-A68E-AA3539394CFC}.RelWithDebInfo|x64.ActiveCfg = RelWithDebInfo|x64
		{3AF246DD-593A-359D-A68E-AA3539394CFC}.RelWithDebInfo|x64.Build.0 = RelWithDebInfo|x64
		{E1CC4E86-54A3-3761-BB89-186564337C06}.Debug|x64.ActiveCfg = Debug|x64
		{E1CC4E86-54A3-3761-BB89-186564337C06}.Debug|x64.Build.0 = Debug|x64
		{E1CC4E86-54A3-3761-BB89-186564337C06}.Release|x64.ActiveCfg = Release|x64
		{E1CC4E86-54A3-3761-BB89-186564337C06}.Release|x64.Build.0 = Release|x64
		{E1CC4E86-54A3-3761-BB89-186564337C06}.MinSizeRel|x64.ActiveCfg = MinSizeRel|x64
		{E1CC4E86-54A3-3761-BB89-186564337C06}.MinSizeRel|x64.Build.0 = MinSizeRel|x64
		{E1CC4E86-54A3-3761-BB89-186564337C06}.RelWithDebInfo|x64.ActiveCfg = RelWithDebInfo|x64
		{E1CC4E86-54A3-3761-BB89-186564337C06}.RelWithDebInfo|x64.Build.0 = RelWithDebInfo|x64
		{9353C713-D0E3-38BE-8ED1-135F3C8566C1}.Debug|x64.ActiveCfg = Debug|x64
		{9353C713-D0E3-38BE-8ED1-135F3C8566C1}.Debug|x64.Build.0 = Debug|x64
		{9353C713-D0E3-38BE-8ED1-135F3C8566C1}.Release|x64.ActiveCfg = Release|x64
		{9353C713-D0E3-38BE-8ED1-135F3C8566C1}.Release|x64.Build.0 = Release|x64
		{9353C713-D0E3-38BE-8ED1-135F3C8566C1}.MinSizeRel|x64.ActiveCfg = MinSizeRel|x64
		{9353C713-D0E3-38BE-8ED1-135F3C8566C1}.MinSizeRel|x64.Build.0 = MinSizeRel|x64
		{9353C713-D0E3-38BE-8ED1-135F3C8566C1}.RelWithDebInfo|x64.ActiveCfg = RelWithDebInfo|x64
		{9353C713-D0E3-38BE-8ED1-135F3C8566C1}.RelWithDebInfo|x64.Build.0 = RelWithDebInfo|x64
		{BF94F1EF-7C81-3604-81CD-38A5222E2437}.Debug|x64.ActiveCfg = Debug|x64
		{BF94F1EF-7C81-3604-81CD-38A5222E2437}.Debug|x64.Build.0 = Debug|x64
		{BF94F1EF-7C81-3604-81CD-38A5222E2437}.Release|x64.ActiveCfg = Release|x64
		{BF94F1EF-7C81-3604-81CD-38A5222E2437}.Release|x64.Build.0 = Release|x64
		{BF94F1EF-7C81-3604-81CD-38A5222E2437}.MinSizeRel|x64.ActiveCfg = MinSizeRel|x64
		{BF94F1EF-7C81-3604-81CD-38A5222E2437}.MinSizeRel|x64.Build.0 = MinSizeRel|x64
		{BF94F1EF-7C81-3604-81CD-38A5222E2437}.RelWithDebInfo|x64.ActiveCfg = RelWithDebInfo|x64
		{BF94F1EF-7C81-3604-81CD-38A5222E2437}.RelWithDebInfo|x64.Build.0 = RelWithDebInfo|x64
		{521E872D-2488-32F6-B8C9-6E17B50CA992}.Debug|x64.ActiveCfg = Debug|x64
		{521E872D-2488-32F6-B8C9-6E17B50CA992}.Debug|x64.Build.0 = Debug|x64
		{521E872D-2488-32F6-B8C9-6E17B50CA992}.Release|x64.ActiveCfg = Release|x64
		{521E872D-2488-32F6-B8C9-6E17B50CA992}.Release|x64.Build.0 = Release|x64
		{521E872D-2488-32F6-B8C9-6E17B50CA992}.MinSizeRel|x64.ActiveCfg = MinSizeRel|x64
		{521E872D-2488-32F6-B8C9-6E17B50CA992}.MinSizeRel|x64.Build.0 = MinSizeRel|x64
		{521E872D-2488-32F6-B8C9-6E17B50CA992}.RelWithDebInfo|x64.ActiveCfg = RelWithDebInfo|x64
		{521E872D-2488-32F6-B8C9-6E17B50CA992}.RelWithDebInfo|x64.Build.0 = RelWithDebInfo|x64
		{5E4E2676-A69C-3B89-9DD1-621917523043}.Debug|x64.ActiveCfg = Debug|x64
		{5E4E2676-A69C-3B89-9DD1-621917523043}.Debug|x64.Build.0 = Debug|x64
		{5E4E2676-A69C-3B89-9DD1-621917523043}.Release|x64.ActiveCfg = Release|x64
		{5E4E2676-A69C-3B89-9DD1-621917523043}.Release|x64.Build.0 = Release|x64
		{5E4E2676-A69C-3B89-9DD1-621917523043}.MinSizeRel|x64.ActiveCfg = MinSizeRel|x64
		{5E4E2676-A69C-3B89-9DD1-621917523043}.MinSizeRel|x64.Build.0 = MinSizeRel|x64
		{5E4E2676-A69C-3B89-9DD1-621917523043}.RelWithDebInfo|x64.ActiveCfg = RelWithDebInfo|x64
		{5E4E2676-A69C-3B89-9DD1-621917523043}.RelWithDebInfo|x64.Build.0 = RelWithDebInfo|x64
		{BBC341D4-2DDA-322A-A8D5-06A08BF10893}.Debug|x64.ActiveCfg = Debug|x64
		{BBC341D4-2DDA-322A-A8D5-06A08BF10893}.Debug|x64.Build.0 = Debug|x64
		{BBC341D4-2DDA-322A-A8D5-06A08BF10893}.Release|x64.ActiveCfg = Release|x64
		{BBC341D4-2DDA-322A-A8D5-06A08BF10893}.Release|x64.Build.0 = Release|x64
		{BBC341D4-2DDA-322A-A8D5-06A08BF10893}.MinSizeRel|x64.ActiveCfg = MinSizeRel|x64
		{BBC341D4-2DDA-322A-A8D5-06A08BF10893}.MinSizeRel|x64.Build.0 = MinSizeRel|x64
		{BBC341D4-2DDA-322A-A8D5-06A08BF10893}.RelWithDebInfo|x64.ActiveCfg = RelWithDebInfo|x64
		{BBC341D4-2DDA-322A-A8D5-06A08BF10893}.RelWithDebInfo|x64.Build.0 = RelWithDebInfo|x64
		{85836306-058C-30B9-98BF-C83308B6BE6F}.Debug|x64.ActiveCfg = Debug|x64
		{85836306-058C-30B9-98BF-C83308B6BE6F}.Debug|x64.Build.0 = Debug|x64
		{85836306-058C-30B9-98BF-C83308B6BE6F}.Release|x64.ActiveCfg = Release|x64
		{85836306-058C-30B9-98BF-C83308B6BE6F}.Release|x64.Build.0 = Release|x64
		{85836306-058C-30B9-98BF-C83308B6BE6F}.MinSizeRel|x64.ActiveCfg = MinSizeRel|x64
		{85836306-058C-30B9-98BF-C83308B6BE6F}.MinSizeRel|x64.Build.0 = MinSizeRel|x64
		{85836306-058C-30B9-98BF-C83308B6BE6F}.RelWithDebInfo|x64.ActiveCfg = RelWithDebInfo|x64
		{85836306-058C-30B9-98BF-C83308B6BE6F}.RelWithDebInfo|x64.Build.0 = RelWithDebInfo|x64
		{62B17699-7065-3A3B-82A9-9717C5532CFA}.Debug|x64.ActiveCfg = Debug|x64
		{62B17699-7065-3A3B-82A9-9717C5532CFA}.Debug|x64.Build.0 = Debug|x64
		{62B17699-7065-3A3B-82A9-9717C5532CFA}.Release|x64.ActiveCfg = Release|x64
		{62B17699-7065-3A3B-82A9-9717C5532CFA}.Release|x64.Build.0 = Release|x64
		{62B17699-7065-3A3B-82A9-9717C5532CFA}.MinSizeRel|x64.ActiveCfg = MinSizeRel|x64
		{62B17699-7065-3A3B-82A9-9717C5532CFA}.MinSizeRel|x64.Build.0 = MinSizeRel|x64
		{62B17699-7065-3A3B-82A9-9717C5532CFA}.RelWithDebInfo|x64.ActiveCfg = RelWithDebInfo|x64
		{62B17699-7065-3A3B-82A9-9717C5532CFA}.RelWithDebInfo|x64.Build.0 = RelWithDebInfo|x64
		{E5271F5B-B618-3FE4-AAF1-954BA48FDDA1}.Debug|x64.ActiveCfg = Debug|x64
		{E5271F5B-B618-3FE4-AAF1-954BA48FDDA1}.Debug|x64.Build.0 = Debug|x64
		{E5271F5B-B618-3FE4-AAF1-954BA48FDDA1}.Release|x64.ActiveCfg = Release|x64
		{E5271F5B-B618-3FE4-AAF1-954BA48FDDA1}.Release|x64.Build.0 = Release|x64
		{E5271F5B-B618-3FE4-AAF1-954BA48FDDA1}.MinSizeRel|x64.ActiveCfg = MinSizeRel|x64
		{E5271F5B-B618-3FE4-AAF1-954BA48FDDA1}.MinSizeRel|x64.Build.0 = MinSizeRel|x64
		{E5271F5B-B618-3FE4-AAF1-954BA48FDDA1}.RelWithDebInfo|x64.ActiveCfg = RelWithDebInfo|x64
		{E5271F5B-B618-3FE4-AAF1-954BA48FDDA1}.RelWithDebInfo|x64.Build.0 = RelWithDebInfo|x64
		{B3B36483-9153-387A-A9EF-66D0731E0476}.Debug|x64.ActiveCfg = Debug|x64
		{B3B36483-9153-387A-A9EF-66D0731E0476}.Debug|x64.Build.0 = Debug|x64
		{B3B36483-9153-387A-A9EF-66D0731E0476}.Release|x64.ActiveCfg = Release|x64
		{B3B36483-9153-387A-A9EF-66D0731E0476}.Release|x64.Build.0 = Release|x64
		{B3B36483-9153-387A-A9EF-66D0731E0476}.MinSizeRel|x64.ActiveCfg = MinSizeRel|x64
		{B3B36483-9153-387A-A9EF-66D0731E0476}.MinSizeRel|x64.Build.0 = MinSizeRel|x64
		{B3B36483-9153-387A-A9EF-66D0731E0476}.RelWithDebInfo|x64.ActiveCfg = RelWithDebInfo|x64
		{B3B36483-9153-387A-A9EF-66D0731E0476}.RelWithDebInfo|x64.Build.0 = RelWithDebInfo|x64
		{2A1A429F-031A-353D-B2BE-209FB1B869C6}.Debug|x64.ActiveCfg = Debug|x64
		{2A1A429F-031A-353D-B2BE-209FB1B869C6}.Debug|x64.Build.0 = Debug|x64
		{2A1A429F-031A-353D-B2BE-209FB1B869C6}.Release|x64.ActiveCfg = Release|x64
		{2A1A429F-031A-353D-B2BE-209FB1B869C6}.Release|x64.Build.0 = Release|x64
		{2A1A429F-031A-353D-B2BE-209FB1B869C6}.MinSizeRel|x64.ActiveCfg = MinSizeRel|x64
		{2A1A429F-031A-353D-B2BE-209FB1B869C6}.MinSizeRel|x64.Build.0 = MinSizeRel|x64
		{2A1A429F-031A-353D-B2BE-209FB1B869C6}.RelWithDebInfo|x64.ActiveCfg = RelWithDebInfo|x64
		{2A1A429F-031A-353D-B2BE-209FB1B869C6}.RelWithDebInfo|x64.Build.0 = RelWithDebInfo|x64
		{B29ACE9F-E01D-36D7-9B5B-1D53FFE54B75}.Debug|x64.ActiveCfg = Debug|x64
		{B29ACE9F-E01D-36D7-9B5B-1D53FFE54B75}.Debug|x64.Build.0 = Debug|x64
		{B29ACE9F-E01D-36D7-9B5B-1D53FFE54B75}.Release|x64.ActiveCfg = Release|x64
		{B29ACE9F-E01D-36D7-9B5B-1D53FFE54B75}.Release|x64.Build.0 = Release|x64
		{B29ACE9F-E01D-36D7-9B5B-1D53FFE54B75}.MinSizeRel|x64.ActiveCfg = MinSizeRel|x64
		{B29ACE9F-E01D-36D7-9B5B-1D53FFE54B75}.MinSizeRel|x64.Build.0 = MinSizeRel|x64
		{B29ACE9F-E01D-36D7-9B5B-1D53FFE54B75}.RelWithDebInfo|x64.ActiveCfg = RelWithDebInfo|x64
		{B29ACE9F-E01D-36D7-9B5B-1D53FFE54B75}.RelWithDebInfo|x64.Build.0 = RelWithDebInfo|x64
		{AF0750FB-5218-3007-B981-F4821C3B4A5D}.Debug|x64.ActiveCfg = Debug|x64
		{AF0750FB-5218-3007-B981-F4821C3B4A5D}.Debug|x64.Build.0 = Debug|x64
		{AF0750FB-5218-3007-B981-F4821C3B4A5D}.Release|x64.ActiveCfg = Release|x64
		{AF0750FB-5218-3007-B981-F4821C3B4A5D}.Release|x64.Build.0 = Release|x64
		{AF0750FB-5218-3007-B981-F4821C3B4A5D}.MinSizeRel|x64.ActiveCfg = MinSizeRel|x64
		{AF0750FB-5218-3007-B981-F4821C3B4A5D}.MinSizeRel|x64.Build.0 = MinSizeRel|x64
		{AF0750FB-5218-3007-B981-F4821C3B4A5D}.RelWithDebInfo|x64.ActiveCfg = RelWithDebInfo|x64
		{AF0750FB-5218-3007-B981-F4821C3B4A5D}.RelWithDebInfo|x64.Build.0 = RelWithDebInfo|x64
		{85C28ED1-DA31-3FFF-ABFA-502056402E22}.Debug|x64.ActiveCfg = Debug|x64
		{85C28ED1-DA31-3FFF-ABFA-502056402E22}.Debug|x64.Build.0 = Debug|x64
		{85C28ED1-DA31-3FFF-ABFA-502056402E22}.Release|x64.ActiveCfg = Release|x64
		{85C28ED1-DA31-3FFF-ABFA-502056402E22}.Release|x64.Build.0 = Release|x64
		{85C28ED1-DA31-3FFF-ABFA-502056402E22}.MinSizeRel|x64.ActiveCfg = MinSizeRel|x64
		{85C28ED1-DA31-3FFF-ABFA-502056402E22}.MinSizeRel|x64.Build.0 = MinSizeRel|x64
		{85C28ED1-DA31-3FFF-ABFA-502056402E22}.RelWithDebInfo|x64.ActiveCfg = RelWithDebInfo|x64
		{85C28ED1-DA31-3FFF-ABFA-502056402E22}.RelWithDebInfo|x64.Build.0 = RelWithDebInfo|x64
		{75C3A355-98C0-343B-A549-83F080035647}.Debug|x64.ActiveCfg = Debug|x64
		{75C3A355-98C0-343B-A549-83F080035647}.Debug|x64.Build.0 = Debug|x64
		{75C3A355-98C0-343B-A549-83F080035647}.Release|x64.ActiveCfg = Release|x64
		{75C3A355-98C0-343B-A549-83F080035647}.Release|x64.Build.0 = Release|x64
		{75C3A355-98C0-343B-A549-83F080035647}.MinSizeRel|x64.ActiveCfg = MinSizeRel|x64
		{75C3A355-98C0-343B-A549-83F080035647}.MinSizeRel|x64.Build.0 = MinSizeRel|x64
		{75C3A355-98C0-343B-A549-83F080035647}.RelWithDebInfo|x64.ActiveCfg = RelWithDebInfo|x64
		{75C3A355-98C0-343B-A549-83F080035647}.RelWithDebInfo|x64.Build.0 = RelWithDebInfo|x64
		{50B9C2F9-5569-350C-9102-70A846D449F0}.Debug|x64.ActiveCfg = Debug|x64
		{50B9C2F9-5569-350C-9102-70A846D449F0}.Debug|x64.Build.0 = Debug|x64
		{50B9C2F9-5569-350C-9102-70A846D449F0}.Release|x64.ActiveCfg = Release|x64
		{50B9C2F9-5569-350C-9102-70A846D449F0}.Release|x64.Build.0 = Release|x64
		{50B9C2F9-5569-350C-9102-70A846D449F0}.MinSizeRel|x64.ActiveCfg = MinSizeRel|x64
		{50B9C2F9-5569-350C-9102-70A846D449F0}.MinSizeRel|x64.Build.0 = MinSizeRel|x64
		{50B9C2F9-5569-350C-9102-70A846D449F0}.RelWithDebInfo|x64.ActiveCfg = RelWithDebInfo|x64
		{50B9C2F9-5569-350C-9102-70A846D449F0}.RelWithDebInfo|x64.Build.0 = RelWithDebInfo|x64
		{FA1F250A-C1C2-390D-AD8A-1413E29285BE}.Debug|x64.ActiveCfg = Debug|x64
		{FA1F250A-C1C2-390D-AD8A-1413E29285BE}.Debug|x64.Build.0 = Debug|x64
		{FA1F250A-C1C2-390D-AD8A-1413E29285BE}.Release|x64.ActiveCfg = Release|x64
		{FA1F250A-C1C2-390D-AD8A-1413E29285BE}.Release|x64.Build.0 = Release|x64
		{FA1F250A-C1C2-390D-AD8A-1413E29285BE}.MinSizeRel|x64.ActiveCfg = MinSizeRel|x64
		{FA1F250A-C1C2-390D-AD8A-1413E29285BE}.MinSizeRel|x64.Build.0 = MinSizeRel|x64
		{FA1F250A-C1C2-390D-AD8A-1413E29285BE}.RelWithDebInfo|x64.ActiveCfg = RelWithDebInfo|x64
		{FA1F250A-C1C2-390D-AD8A-1413E29285BE}.RelWithDebInfo|x64.Build.0 = RelWithDebInfo|x64
		{57A18E67-6E7A-3030-8F0D-EC9398E2592F}.Debug|x64.ActiveCfg = Debug|x64
		{57A18E67-6E7A-3030-8F0D-EC9398E2592F}.Debug|x64.Build.0 = Debug|x64
		{57A18E67-6E7A-3030-8F0D-EC9398E2592F}.Release|x64.ActiveCfg = Release|x64
		{57A18E67-6E7A-3030-8F0D-EC9398E2592F}.Release|x64.Build.0 = Release|x64
		{57A18E67-6E7A-3030-8F0D-EC9398E2592F}.MinSizeRel|x64.ActiveCfg = MinSizeRel|x64
		{57A18E67-6E7A-3030-8F0D-EC9398E2592F}.MinSizeRel|x64.Build.0 = MinSizeRel|x64
		{57A18E67-6E7A-3030-8F0D-EC9398E2592F}.RelWithDebInfo|x64.ActiveCfg = RelWithDebInfo|x64
		{57A18E67-6E7A-3030-8F0D-EC9398E2592F}.RelWithDebInfo|x64.Build.0 = RelWithDebInfo|x64
		{10E4A26F-BF8C-3A51-83FF-FB51073C488B}.Debug|x64.ActiveCfg = Debug|x64
		{10E4A26F-BF8C-3A51-83FF-FB51073C488B}.Debug|x64.Build.0 = Debug|x64
		{10E4A26F-BF8C-3A51-83FF-FB51073C488B}.Release|x64.ActiveCfg = Release|x64
		{10E4A26F-BF8C-3A51-83FF-FB51073C488B}.Release|x64.Build.0 = Release|x64
		{10E4A26F-BF8C-3A51-83FF-FB51073C488B}.MinSizeRel|x64.ActiveCfg = MinSizeRel|x64
		{10E4A26F-BF8C-3A51-83FF-FB51073C488B}.MinSizeRel|x64.Build.0 = MinSizeRel|x64
		{10E4A26F-BF8C-3A51-83FF-FB51073C488B}.RelWithDebInfo|x64.ActiveCfg = RelWithDebInfo|x64
		{10E4A26F-BF8C-3A51-83FF-FB51073C488B}.RelWithDebInfo|x64.Build.0 = RelWithDebInfo|x64
		{538E57F8-F154-3B2D-8321-1F1350F0C730}.Debug|x64.ActiveCfg = Debug|x64
		{538E57F8-F154-3B2D-8321-1F1350F0C730}.Debug|x64.Build.0 = Debug|x64
		{538E57F8-F154-3B2D-8321-1F1350F0C730}.Release|x64.ActiveCfg = Release|x64
		{538E57F8-F154-3B2D-8321-1F1350F0C730}.Release|x64.Build.0 = Release|x64
		{538E57F8-F154-3B2D-8321-1F1350F0C730}.MinSizeRel|x64.ActiveCfg = MinSizeRel|x64
		{538E57F8-F154-3B2D-8321-1F1350F0C730}.MinSizeRel|x64.Build.0 = MinSizeRel|x64
		{538E57F8-F154-3B2D-8321-1F1350F0C730}.RelWithDebInfo|x64.ActiveCfg = RelWithDebInfo|x64
		{538E57F8-F154-3B2D-8321-1F1350F0C730}.RelWithDebInfo|x64.Build.0 = RelWithDebInfo|x64
		{EBCB6033-BDFE-3F46-B72C-8187EB41C365}.Debug|x64.ActiveCfg = Debug|x64
		{EBCB6033-BDFE-3F46-B72C-8187EB41C365}.Debug|x64.Build.0 = Debug|x64
		{EBCB6033-BDFE-3F46-B72C-8187EB41C365}.Release|x64.ActiveCfg = Release|x64
		{EBCB6033-BDFE-3F46-B72C-8187EB41C365}.Release|x64.Build.0 = Release|x64
		{EBCB6033-BDFE-3F46-B72C-8187EB41C365}.MinSizeRel|x64.ActiveCfg = MinSizeRel|x64
		{EBCB6033-BDFE-3F46-B72C-8187EB41C365}.MinSizeRel|x64.Build.0 = MinSizeRel|x64
		{EBCB6033-BDFE-3F46-B72C-8187EB41C365}.RelWithDebInfo|x64.ActiveCfg = RelWithDebInfo|x64
		{EBCB6033-BDFE-3F46-B72C-8187EB41C365}.RelWithDebInfo|x64.Build.0 = RelWithDebInfo|x64
		{495A7536-5A2B-3BC5-B152-5795CDC57317}.Debug|x64.ActiveCfg = Debug|x64
		{495A7536-5A2B-3BC5-B152-5795CDC57317}.Debug|x64.Build.0 = Debug|x64
		{495A7536-5A2B-3BC5-B152-5795CDC57317}.Release|x64.ActiveCfg = Release|x64
		{495A7536-5A2B-3BC5-B152-5795CDC57317}.Release|x64.Build.0 = Release|x64
		{495A7536-5A2B-3BC5-B152-5795CDC57317}.MinSizeRel|x64.ActiveCfg = MinSizeRel|x64
		{495A7536-5A2B-3BC5-B152-5795CDC57317}.MinSizeRel|x64.Build.0 = MinSizeRel|x64
		{495A7536-5A2B-3BC5-B152-5795CDC57317}.RelWithDebInfo|x64.ActiveCfg = RelWithDebInfo|x64
		{495A7536-5A2B-3BC5-B152-5795CDC57317}.RelWithDebInfo|x64.Build.0 = RelWithDebInfo|x64
		{13D54504-C45F-32C3-8A03-1A4153A7A44F}.Debug|x64.ActiveCfg = Debug|x64
		{13D54504-C45F-32C3-8A03-1A4153A7A44F}.Debug|x64.Build.0 = Debug|x64
		{13D54504-C45F-32C3-8A03-1A4153A7A44F}.Release|x64.ActiveCfg = Release|x64
		{13D54504-C45F-32C3-8A03-1A4153A7A44F}.Release|x64.Build.0 = Release|x64
		{13D54504-C45F-32C3-8A03-1A4153A7A44F}.MinSizeRel|x64.ActiveCfg = MinSizeRel|x64
		{13D54504-C45F-32C3-8A03-1A4153A7A44F}.MinSizeRel|x64.Build.0 = MinSizeRel|x64
		{13D54504-C45F-32C3-8A03-1A4153A7A44F}.RelWithDebInfo|x64.ActiveCfg = RelWithDebInfo|x64
		{13D54504-C45F-32C3-8A03-1A4153A7A44F}.RelWithDebInfo|x64.Build.0 = RelWithDebInfo|x64
		{DFFC6281-E9DC-3A0C-8B9E-8259B3789240}.Debug|x64.ActiveCfg = Debug|x64
		{DFFC6281-E9DC-3A0C-8B9E-8259B3789240}.Debug|x64.Build.0 = Debug|x64
		{DFFC6281-E9DC-3A0C-8B9E-8259B3789240}.Release|x64.ActiveCfg = Release|x64
		{DFFC6281-E9DC-3A0C-8B9E-8259B3789240}.Release|x64.Build.0 = Release|x64
		{DFFC6281-E9DC-3A0C-8B9E-8259B3789240}.MinSizeRel|x64.ActiveCfg = MinSizeRel|x64
		{DFFC6281-E9DC-3A0C-8B9E-8259B3789240}.MinSizeRel|x64.Build.0 = MinSizeRel|x64
		{DFFC6281-E9DC-3A0C-8B9E-8259B3789240}.RelWithDebInfo|x64.ActiveCfg = RelWithDebInfo|x64
		{DFFC6281-E9DC-3A0C-8B9E-8259B3789240}.RelWithDebInfo|x64.Build.0 = RelWithDebInfo|x64
		{DF00E4A4-FCF8-3FBE-BFF3-285421D44EF5}.Debug|x64.ActiveCfg = Debug|x64
		{DF00E4A4-FCF8-3FBE-BFF3-285421D44EF5}.Debug|x64.Build.0 = Debug|x64
		{DF00E4A4-FCF8-3FBE-BFF3-285421D44EF5}.Release|x64.ActiveCfg = Release|x64
		{DF00E4A4-FCF8-3FBE-BFF3-285421D44EF5}.Release|x64.Build.0 = Release|x64
		{DF00E4A4-FCF8-3FBE-BFF3-285421D44EF5}.MinSizeRel|x64.ActiveCfg = MinSizeRel|x64
		{DF00E4A4-FCF8-3FBE-BFF3-285421D44EF5}.MinSizeRel|x64.Build.0 = MinSizeRel|x64
		{DF00E4A4-FCF8-3FBE-BFF3-285421D44EF5}.RelWithDebInfo|x64.ActiveCfg = RelWithDebInfo|x64
		{DF00E4A4-FCF8-3FBE-BFF3-285421D44EF5}.RelWithDebInfo|x64.Build.0 = RelWithDebInfo|x64
		{4D79D371-88E8-3DE1-B609-5FEA13955AEF}.Debug|x64.ActiveCfg = Debug|x64
		{4D79D371-88E8-3DE1-B609-5FEA13955AEF}.Debug|x64.Build.0 = Debug|x64
		{4D79D371-88E8-3DE1-B609-5FEA13955AEF}.Release|x64.ActiveCfg = Release|x64
		{4D79D371-88E8-3DE1-B609-5FEA13955AEF}.Release|x64.Build.0 = Release|x64
		{4D79D371-88E8-3DE1-B609-5FEA13955AEF}.MinSizeRel|x64.ActiveCfg = MinSizeRel|x64
		{4D79D371-88E8-3DE1-B609-5FEA13955AEF}.MinSizeRel|x64.Build.0 = MinSizeRel|x64
		{4D79D371-88E8-3DE1-B609-5FEA13955AEF}.RelWithDebInfo|x64.ActiveCfg = RelWithDebInfo|x64
		{4D79D371-88E8-3DE1-B609-5FEA13955AEF}.RelWithDebInfo|x64.Build.0 = RelWithDebInfo|x64
		{BC184A76-A203-37C5-8279-9935FE8844E4}.Debug|x64.ActiveCfg = Debug|x64
		{BC184A76-A203-37C5-8279-9935FE8844E4}.Debug|x64.Build.0 = Debug|x64
		{BC184A76-A203-37C5-8279-9935FE8844E4}.Release|x64.ActiveCfg = Release|x64
		{BC184A76-A203-37C5-8279-9935FE8844E4}.Release|x64.Build.0 = Release|x64
		{BC184A76-A203-37C5-8279-9935FE8844E4}.MinSizeRel|x64.ActiveCfg = MinSizeRel|x64
		{BC184A76-A203-37C5-8279-9935FE8844E4}.MinSizeRel|x64.Build.0 = MinSizeRel|x64
		{BC184A76-A203-37C5-8279-9935FE8844E4}.RelWithDebInfo|x64.ActiveCfg = RelWithDebInfo|x64
		{BC184A76-A203-37C5-8279-9935FE8844E4}.RelWithDebInfo|x64.Build.0 = RelWithDebInfo|x64
		{506EC060-7513-3C28-B79B-25ED27377D08}.Debug|x64.ActiveCfg = Debug|x64
		{506EC060-7513-3C28-B79B-25ED27377D08}.Debug|x64.Build.0 = Debug|x64
		{506EC060-7513-3C28-B79B-25ED27377D08}.Release|x64.ActiveCfg = Release|x64
		{506EC060-7513-3C28-B79B-25ED27377D08}.Release|x64.Build.0 = Release|x64
		{506EC060-7513-3C28-B79B-25ED27377D08}.MinSizeRel|x64.ActiveCfg = MinSizeRel|x64
		{506EC060-7513-3C28-B79B-25ED27377D08}.MinSizeRel|x64.Build.0 = MinSizeRel|x64
		{506EC060-7513-3C28-B79B-25ED27377D08}.RelWithDebInfo|x64.ActiveCfg = RelWithDebInfo|x64
		{506EC060-7513-3C28-B79B-25ED27377D08}.RelWithDebInfo|x64.Build.0 = RelWithDebInfo|x64
		{6993FF84-C652-3DF9-949E-77A668D967B3}.Debug|x64.ActiveCfg = Debug|x64
		{6993FF84-C652-3DF9-949E-77A668D967B3}.Debug|x64.Build.0 = Debug|x64
		{6993FF84-C652-3DF9-949E-77A668D967B3}.Release|x64.ActiveCfg = Release|x64
		{6993FF84-C652-3DF9-949E-77A668D967B3}.Release|x64.Build.0 = Release|x64
		{6993FF84-C652-3DF9-949E-77A668D967B3}.MinSizeRel|x64.ActiveCfg = MinSizeRel|x64
		{6993FF84-C652-3DF9-949E-77A668D967B3}.MinSizeRel|x64.Build.0 = MinSizeRel|x64
		{6993FF84-C652-3DF9-949E-77A668D967B3}.RelWithDebInfo|x64.ActiveCfg = RelWithDebInfo|x64
		{6993FF84-C652-3DF9-949E-77A668D967B3}.RelWithDebInfo|x64.Build.0 = RelWithDebInfo|x64
		{45F28A1B-A676-3688-9CF7-502758C197A3}.Debug|x64.ActiveCfg = Debug|x64
		{45F28A1B-A676-3688-9CF7-502758C197A3}.Debug|x64.Build.0 = Debug|x64
		{45F28A1B-A676-3688-9CF7-502758C197A3}.Release|x64.ActiveCfg = Release|x64
		{45F28A1B-A676-3688-9CF7-502758C197A3}.Release|x64.Build.0 = Release|x64
		{45F28A1B-A676-3688-9CF7-502758C197A3}.MinSizeRel|x64.ActiveCfg = MinSizeRel|x64
		{45F28A1B-A676-3688-9CF7-502758C197A3}.MinSizeRel|x64.Build.0 = MinSizeRel|x64
		{45F28A1B-A676-3688-9CF7-502758C197A3}.RelWithDebInfo|x64.ActiveCfg = RelWithDebInfo|x64
		{45F28A1B-A676-3688-9CF7-502758C197A3}.RelWithDebInfo|x64.Build.0 = RelWithDebInfo|x64
		{C675569A-D6AD-3591-96D9-1E29F48319B7}.Debug|x64.ActiveCfg = Debug|x64
		{C675569A-D6AD-3591-96D9-1E29F48319B7}.Debug|x64.Build.0 = Debug|x64
		{C675569A-D6AD-3591-96D9-1E29F48319B7}.Release|x64.ActiveCfg = Release|x64
		{C675569A-D6AD-3591-96D9-1E29F48319B7}.Release|x64.Build.0 = Release|x64
		{C675569A-D6AD-3591-96D9-1E29F48319B7}.MinSizeRel|x64.ActiveCfg = MinSizeRel|x64
		{C675569A-D6AD-3591-96D9-1E29F48319B7}.MinSizeRel|x64.Build.0 = MinSizeRel|x64
		{C675569A-D6AD-3591-96D9-1E29F48319B7}.RelWithDebInfo|x64.ActiveCfg = RelWithDebInfo|x64
		{C675569A-D6AD-3591-96D9-1E29F48319B7}.RelWithDebInfo|x64.Build.0 = RelWithDebInfo|x64
		{A6982CE9-AABF-3BAF-9D86-277B61ACEA58}.Debug|x64.ActiveCfg = Debug|x64
		{A6982CE9-AABF-3BAF-9D86-277B61ACEA58}.Debug|x64.Build.0 = Debug|x64
		{A6982CE9-AABF-3BAF-9D86-277B61ACEA58}.Release|x64.ActiveCfg = Release|x64
		{A6982CE9-AABF-3BAF-9D86-277B61ACEA58}.Release|x64.Build.0 = Release|x64
		{A6982CE9-AABF-3BAF-9D86-277B61ACEA58}.MinSizeRel|x64.ActiveCfg = MinSizeRel|x64
		{A6982CE9-AABF-3BAF-9D86-277B61ACEA58}.MinSizeRel|x64.Build.0 = MinSizeRel|x64
		{A6982CE9-AABF-3BAF-9D86-277B61ACEA58}.RelWithDebInfo|x64.ActiveCfg = RelWithDebInfo|x64
		{A6982CE9-AABF-3BAF-9D86-277B61ACEA58}.RelWithDebInfo|x64.Build.0 = RelWithDebInfo|x64
		{CA2F91C5-FF8C-36E4-B9FB-530F1AB9B337}.Debug|x64.ActiveCfg = Debug|x64
		{CA2F91C5-FF8C-36E4-B9FB-530F1AB9B337}.Debug|x64.Build.0 = Debug|x64
		{CA2F91C5-FF8C-36E4-B9FB-530F1AB9B337}.Release|x64.ActiveCfg = Release|x64
		{CA2F91C5-FF8C-36E4-B9FB-530F1AB9B337}.Release|x64.Build.0 = Release|x64
		{CA2F91C5-FF8C-36E4-B9FB-530F1AB9B337}.MinSizeRel|x64.ActiveCfg = MinSizeRel|x64
		{CA2F91C5-FF8C-36E4-B9FB-530F1AB9B337}.MinSizeRel|x64.Build.0 = MinSizeRel|x64
		{CA2F91C5-FF8C-36E4-B9FB-530F1AB9B337}.RelWithDebInfo|x64.ActiveCfg = RelWithDebInfo|x64
		{CA2F91C5-FF8C-36E4-B9FB-530F1AB9B337}.RelWithDebInfo|x64.Build.0 = RelWithDebInfo|x64
		{5EBC4D58-44FB-3768-8671-77CE1E0472BD}.Debug|x64.ActiveCfg = Debug|x64
		{5EBC4D58-44FB-3768-8671-77CE1E0472BD}.Debug|x64.Build.0 = Debug|x64
		{5EBC4D58-44FB-3768-8671-77CE1E0472BD}.Release|x64.ActiveCfg = Release|x64
		{5EBC4D58-44FB-3768-8671-77CE1E0472BD}.Release|x64.Build.0 = Release|x64
		{5EBC4D58-44FB-3768-8671-77CE1E0472BD}.MinSizeRel|x64.ActiveCfg = MinSizeRel|x64
		{5EBC4D58-44FB-3768-8671-77CE1E0472BD}.MinSizeRel|x64.Build.0 = MinSizeRel|x64
		{5EBC4D58-44FB-3768-8671-77CE1E0472BD}.RelWithDebInfo|x64.ActiveCfg = RelWithDebInfo|x64
		{5EBC4D58-44FB-3768-8671-77CE1E0472BD}.RelWithDebInfo|x64.Build.0 = RelWithDebInfo|x64
		{B5EFB6E8-CBB7-3DE8-BE6F-00513BCC5E19}.Debug|x64.ActiveCfg = Debug|x64
		{B5EFB6E8-CBB7-3DE8-BE6F-00513BCC5E19}.Debug|x64.Build.0 = Debug|x64
		{B5EFB6E8-CBB7-3DE8-BE6F-00513BCC5E19}.Release|x64.ActiveCfg = Release|x64
		{B5EFB6E8-CBB7-3DE8-BE6F-00513BCC5E19}.Release|x64.Build.0 = Release|x64
		{B5EFB6E8-CBB7-3DE8-BE6F-00513BCC5E19}.MinSizeRel|x64.ActiveCfg = MinSizeRel|x64
		{B5EFB6E8-CBB7-3DE8-BE6F-00513BCC5E19}.MinSizeRel|x64.Build.0 = MinSizeRel|x64
		{B5EFB6E8-CBB7-3DE8-BE6F-00513BCC5E19}.RelWithDebInfo|x64.ActiveCfg = RelWithDebInfo|x64
		{B5EFB6E8-CBB7-3DE8-BE6F-00513BCC5E19}.RelWithDebInfo|x64.Build.0 = RelWithDebInfo|x64
		{27952D15-BA3B-3EA4-B7A3-D46C8A21225C}.Debug|x64.ActiveCfg = Debug|x64
		{27952D15-BA3B-3EA4-B7A3-D46C8A21225C}.Release|x64.ActiveCfg = Release|x64
		{27952D15-BA3B-3EA4-B7A3-D46C8A21225C}.MinSizeRel|x64.ActiveCfg = MinSizeRel|x64
		{27952D15-BA3B-3EA4-B7A3-D46C8A21225C}.RelWithDebInfo|x64.ActiveCfg = RelWithDebInfo|x64
		{E4EAB2A4-E542-3306-976D-B391FAFD1304}.Debug|x64.ActiveCfg = Debug|x64
		{E4EAB2A4-E542-3306-976D-B391FAFD1304}.Debug|x64.Build.0 = Debug|x64
		{E4EAB2A4-E542-3306-976D-B391FAFD1304}.Release|x64.ActiveCfg = Release|x64
		{E4EAB2A4-E542-3306-976D-B391FAFD1304}.Release|x64.Build.0 = Release|x64
		{E4EAB2A4-E542-3306-976D-B391FAFD1304}.MinSizeRel|x64.ActiveCfg = MinSizeRel|x64
		{E4EAB2A4-E542-3306-976D-B391FAFD1304}.MinSizeRel|x64.Build.0 = MinSizeRel|x64
		{E4EAB2A4-E542-3306-976D-B391FAFD1304}.RelWithDebInfo|x64.ActiveCfg = RelWithDebInfo|x64
		{E4EAB2A4-E542-3306-976D-B391FAFD1304}.RelWithDebInfo|x64.Build.0 = RelWithDebInfo|x64
		{C7A9DE73-C531-3D38-AA54-1BA08E9EAC58}.Debug|x64.ActiveCfg = Debug|x64
		{C7A9DE73-C531-3D38-AA54-1BA08E9EAC58}.Debug|x64.Build.0 = Debug|x64
		{C7A9DE73-C531-3D38-AA54-1BA08E9EAC58}.Release|x64.ActiveCfg = Release|x64
		{C7A9DE73-C531-3D38-AA54-1BA08E9EAC58}.Release|x64.Build.0 = Release|x64
		{C7A9DE73-C531-3D38-AA54-1BA08E9EAC58}.MinSizeRel|x64.ActiveCfg = MinSizeRel|x64
		{C7A9DE73-C531-3D38-AA54-1BA08E9EAC58}.MinSizeRel|x64.Build.0 = MinSizeRel|x64
		{C7A9DE73-C531-3D38-AA54-1BA08E9EAC58}.RelWithDebInfo|x64.ActiveCfg = RelWithDebInfo|x64
		{C7A9DE73-C531-3D38-AA54-1BA08E9EAC58}.RelWithDebInfo|x64.Build.0 = RelWithDebInfo|x64
		{D6B8C460-D470-3AF4-827C-C16BD8CDF07E}.Debug|x64.ActiveCfg = Debug|x64
		{D6B8C460-D470-3AF4-827C-C16BD8CDF07E}.Debug|x64.Build.0 = Debug|x64
		{D6B8C460-D470-3AF4-827C-C16BD8CDF07E}.Release|x64.ActiveCfg = Release|x64
		{D6B8C460-D470-3AF4-827C-C16BD8CDF07E}.Release|x64.Build.0 = Release|x64
		{D6B8C460-D470-3AF4-827C-C16BD8CDF07E}.MinSizeRel|x64.ActiveCfg = MinSizeRel|x64
		{D6B8C460-D470-3AF4-827C-C16BD8CDF07E}.MinSizeRel|x64.Build.0 = MinSizeRel|x64
		{D6B8C460-D470-3AF4-827C-C16BD8CDF07E}.RelWithDebInfo|x64.ActiveCfg = RelWithDebInfo|x64
		{D6B8C460-D470-3AF4-827C-C16BD8CDF07E}.RelWithDebInfo|x64.Build.0 = RelWithDebInfo|x64
	EndGlobalSection
	GlobalSection(NestedProjects) = preSolution
		{8B0A4883-D947-3B03-B207-ACAD8D06B47C} = {4213626D-2F05-3330-8802-F26FF4FCD16D}
		{B345C365-F4F0-3B89-BF82-1A1D759E4B4C} = {4213626D-2F05-3330-8802-F26FF4FCD16D}
		{270A0D73-7A3B-31C1-9AA9-49939521562D} = {4213626D-2F05-3330-8802-F26FF4FCD16D}
		{26020117-4C88-348C-B135-A92A6160C197} = {EFCA5D91-58E3-3BC1-B922-14998C80D105}
		{A47FAD50-D1DC-34B7-AA0C-21C68C3A0140} = {EFCA5D91-58E3-3BC1-B922-14998C80D105}
		{ECC48E02-3EC4-3A70-8D0A-283AE16E07AA} = {EFCA5D91-58E3-3BC1-B922-14998C80D105}
		{0F093ACA-A8EF-390A-AF74-13F678BD1CAB} = {26020117-4C88-348C-B135-A92A6160C197}
		{8E3B56B4-3DF7-3FCB-9AD5-946B8CC5E466} = {26020117-4C88-348C-B135-A92A6160C197}
		{74D4CC92-1FD5-378E-AD26-35AB779D4F7A} = {26020117-4C88-348C-B135-A92A6160C197}
		{5E4E2676-A69C-3B89-9DD1-621917523043} = {26020117-4C88-348C-B135-A92A6160C197}
		{E5271F5B-B618-3FE4-AAF1-954BA48FDDA1} = {26020117-4C88-348C-B135-A92A6160C197}
		{B3B36483-9153-387A-A9EF-66D0731E0476} = {26020117-4C88-348C-B135-A92A6160C197}
		{E4EAB2A4-E542-3306-976D-B391FAFD1304} = {26020117-4C88-348C-B135-A92A6160C197}
		{C7D4BBC6-F88C-354D-856E-3B4C1EBE9DA8} = {A47FAD50-D1DC-34B7-AA0C-21C68C3A0140}
		{A119F517-5FE7-3079-9C61-656784C4FE3F} = {A47FAD50-D1DC-34B7-AA0C-21C68C3A0140}
		{F89278FD-F2A2-3962-B4BF-112B0920DE3C} = {A47FAD50-D1DC-34B7-AA0C-21C68C3A0140}
		{5F09EE4F-BBC6-3A75-9854-2202EDBF80CC} = {A47FAD50-D1DC-34B7-AA0C-21C68C3A0140}
		{10D3AD10-FE5D-3031-B026-E376C0B15FB0} = {A47FAD50-D1DC-34B7-AA0C-21C68C3A0140}
		{BF9A3579-D1E5-358F-90E2-12454A3BE599} = {A47FAD50-D1DC-34B7-AA0C-21C68C3A0140}
		{CCAF0982-3C72-3C12-A93F-FCE3910EF58E} = {A47FAD50-D1DC-34B7-AA0C-21C68C3A0140}
		{6A51AA8F-3802-3633-8E16-6DB0DC2E036F} = {A47FAD50-D1DC-34B7-AA0C-21C68C3A0140}
		{BF94F1EF-7C81-3604-81CD-38A5222E2437} = {A47FAD50-D1DC-34B7-AA0C-21C68C3A0140}
		{521E872D-2488-32F6-B8C9-6E17B50CA992} = {A47FAD50-D1DC-34B7-AA0C-21C68C3A0140}
		{85836306-058C-30B9-98BF-C83308B6BE6F} = {A47FAD50-D1DC-34B7-AA0C-21C68C3A0140}
		{62B17699-7065-3A3B-82A9-9717C5532CFA} = {A47FAD50-D1DC-34B7-AA0C-21C68C3A0140}
		{2A1A429F-031A-353D-B2BE-209FB1B869C6} = {A47FAD50-D1DC-34B7-AA0C-21C68C3A0140}
		{B29ACE9F-E01D-36D7-9B5B-1D53FFE54B75} = {A47FAD50-D1DC-34B7-AA0C-21C68C3A0140}
		{AF0750FB-5218-3007-B981-F4821C3B4A5D} = {A47FAD50-D1DC-34B7-AA0C-21C68C3A0140}
		{C7A9DE73-C531-3D38-AA54-1BA08E9EAC58} = {A47FAD50-D1DC-34B7-AA0C-21C68C3A0140}
	EndGlobalSection
	GlobalSection(ExtensibilityGlobals) = postSolution
		SolutionGuid = {10BFFC69-DD95-343C-9FCF-ACAA3226BE28}
	EndGlobalSection
	GlobalSection(ExtensibilityAddIns) = postSolution
	EndGlobalSection
EndGlobal
